{
  "version": 4,
  "terraform_version": "0.13.5",
  "serial": 209,
  "lineage": "3316c799-bffc-e16f-8f81-9ede56c08e63",
  "outputs": {
    "global": {
      "value": "35.244.234.69",
      "type": "string"
    },
    "services": {
      "value": {
        "asia-east1": "https://asia-east1-ezn5kimndq-de.a.run.app",
        "asia-east2": "https://asia-east2-ezn5kimndq-df.a.run.app",
        "asia-northeast1": "https://asia-northeast1-ezn5kimndq-an.a.run.app",
        "asia-northeast2": "https://asia-northeast2-ezn5kimndq-dt.a.run.app",
        "asia-northeast3": "https://asia-northeast3-ezn5kimndq-du.a.run.app",
        "asia-south1": "https://asia-south1-ezn5kimndq-el.a.run.app",
        "asia-southeast1": "https://asia-southeast1-ezn5kimndq-as.a.run.app",
        "asia-southeast2": "https://asia-southeast2-ezn5kimndq-et.a.run.app",
        "australia-southeast1": "https://australia-southeast1-ezn5kimndq-ts.a.run.app",
        "europe-north1": "https://europe-north1-ezn5kimndq-lz.a.run.app",
        "europe-west1": "https://europe-west1-ezn5kimndq-ew.a.run.app",
        "europe-west2": "https://europe-west2-ezn5kimndq-nw.a.run.app",
        "europe-west3": "https://europe-west3-ezn5kimndq-ey.a.run.app",
        "europe-west4": "https://europe-west4-ezn5kimndq-ez.a.run.app",
        "europe-west6": "https://europe-west6-ezn5kimndq-oa.a.run.app",
        "northamerica-northeast1": "https://northamerica-northeast1-ezn5kimndq-nn.a.run.app",
        "southamerica-east1": "https://southamerica-east1-ezn5kimndq-rj.a.run.app",
        "us-central1": "https://us-central1-ezn5kimndq-uc.a.run.app",
        "us-east1": "https://us-east1-ezn5kimndq-ue.a.run.app",
        "us-east4": "https://us-east4-ezn5kimndq-uk.a.run.app",
        "us-west1": "https://us-west1-ezn5kimndq-uw.a.run.app"
      },
      "type": [
        "object",
        {
          "asia-east1": "string",
          "asia-east2": "string",
          "asia-northeast1": "string",
          "asia-northeast2": "string",
          "asia-northeast3": "string",
          "asia-south1": "string",
          "asia-southeast1": "string",
          "asia-southeast2": "string",
          "australia-southeast1": "string",
          "europe-north1": "string",
          "europe-west1": "string",
          "europe-west2": "string",
          "europe-west3": "string",
          "europe-west4": "string",
          "europe-west6": "string",
          "northamerica-northeast1": "string",
          "southamerica-east1": "string",
          "us-central1": "string",
          "us-east1": "string",
          "us-east4": "string",
          "us-west1": "string"
        }
      ]
    }
  },
  "resources": [
    {
      "mode": "managed",
      "type": "google_cloud_run_service",
      "name": "regions",
      "provider": "provider[\"registry.terraform.io/hashicorp/google\"]",
      "instances": [
        {
          "index_key": "asia-east1",
          "schema_version": 1,
          "attributes": {
            "autogenerate_revision_name": false,
            "id": "locations/asia-east1/namespaces/gcping/services/asia-east1",
            "location": "asia-east1",
            "metadata": [
              {
                "annotations": {
                  "run.googleapis.com/ingress": "all",
                  "run.googleapis.com/ingress-status": "all",
                  "serving.knative.dev/creator": "imjasonh@gmail.com",
                  "serving.knative.dev/lastModifier": "imjasonh@gmail.com"
                },
                "generation": 7,
                "labels": {
                  "cloud.googleapis.com/location": "asia-east1"
                },
                "namespace": "gcping",
                "resource_version": "AAW48b/Ft8A",
                "self_link": "/apis/serving.knative.dev/v1/namespaces/555692611324/services/asia-east1",
                "uid": "e7eb75e6-e245-4c04-a899-aa90afbb7fd5"
              }
            ],
            "name": "asia-east1",
            "project": "gcping",
            "status": [
              {
                "conditions": [
                  {
                    "message": "",
                    "reason": "",
                    "status": "True",
                    "type": "Ready"
                  },
                  {
                    "message": "",
                    "reason": "",
                    "status": "True",
                    "type": "ConfigurationsReady"
                  },
                  {
                    "message": "",
                    "reason": "",
                    "status": "True",
                    "type": "RoutesReady"
                  }
                ],
                "latest_created_revision_name": "asia-east1-cfm9b",
                "latest_ready_revision_name": "asia-east1-cfm9b",
                "observed_generation": 7,
                "url": "https://asia-east1-ezn5kimndq-de.a.run.app"
              }
            ],
            "template": [
              {
                "metadata": [
                  {
                    "annotations": {
                      "autoscaling.knative.dev/maxScale": "3",
                      "run.googleapis.com/launch-stage": "BETA"
                    },
                    "generation": 0,
                    "labels": {},
                    "name": "",
                    "namespace": "",
                    "resource_version": "",
                    "self_link": "",
                    "uid": ""
                  }
                ],
                "spec": [
                  {
                    "container_concurrency": 80,
                    "containers": [
                      {
                        "args": [],
                        "command": [],
                        "env": [
                          {
                            "name": "REGION",
                            "value": "asia-east1"
                          }
                        ],
                        "env_from": [],
                        "image": "gcr.io/gcping/github.com/imjasonh/gcping/cmd/ping@sha256:c2b752ef56d62ef5f5e86ea6cc03e289995a95bee06f0dc30e5cde085df67695",
                        "ports": [
                          {
                            "container_port": 8080,
                            "name": "",
                            "protocol": ""
                          }
                        ],
                        "resources": [
                          {
                            "limits": {
                              "cpu": "1000m",
                              "memory": "256Mi"
                            },
                            "requests": {}
                          }
                        ],
                        "working_dir": ""
                      }
                    ],
                    "service_account_name": "",
                    "serving_state": "",
                    "timeout_seconds": 300
                  }
                ]
              }
            ],
            "timeouts": null,
            "traffic": [
              {
                "latest_revision": true,
                "percent": 100,
                "revision_name": ""
              }
            ]
          },
          "private": "eyJlMmJmYjczMC1lY2FhLTExZTYtOGY4OC0zNDM2M2JjN2M0YzAiOnsiY3JlYXRlIjozNjAwMDAwMDAwMDAsImRlbGV0ZSI6MjQwMDAwMDAwMDAwLCJ1cGRhdGUiOjkwMDAwMDAwMDAwMH0sInNjaGVtYV92ZXJzaW9uIjoiMSJ9",
          "dependencies": [
            "google_project_service.run"
          ]
        },
        {
          "index_key": "asia-east2",
          "schema_version": 1,
          "attributes": {
            "autogenerate_revision_name": false,
            "id": "locations/asia-east2/namespaces/gcping/services/asia-east2",
            "location": "asia-east2",
            "metadata": [
              {
                "annotations": {
                  "run.googleapis.com/ingress": "all",
                  "run.googleapis.com/ingress-status": "all",
                  "serving.knative.dev/creator": "imjasonh@gmail.com",
                  "serving.knative.dev/lastModifier": "imjasonh@gmail.com"
                },
                "generation": 7,
                "labels": {
                  "cloud.googleapis.com/location": "asia-east2"
                },
                "namespace": "gcping",
                "resource_version": "AAW48b/mXeA",
                "self_link": "/apis/serving.knative.dev/v1/namespaces/555692611324/services/asia-east2",
                "uid": "37e056b3-e9c2-44bc-abb1-d2a226ed5976"
              }
            ],
            "name": "asia-east2",
            "project": "gcping",
            "status": [
              {
                "conditions": [
                  {
                    "message": "",
                    "reason": "",
                    "status": "True",
                    "type": "Ready"
                  },
                  {
                    "message": "",
                    "reason": "",
                    "status": "True",
                    "type": "ConfigurationsReady"
                  },
                  {
                    "message": "",
                    "reason": "",
                    "status": "True",
                    "type": "RoutesReady"
                  }
                ],
                "latest_created_revision_name": "asia-east2-q5zbg",
                "latest_ready_revision_name": "asia-east2-q5zbg",
                "observed_generation": 7,
                "url": "https://asia-east2-ezn5kimndq-df.a.run.app"
              }
            ],
            "template": [
              {
                "metadata": [
                  {
                    "annotations": {
                      "autoscaling.knative.dev/maxScale": "3",
                      "run.googleapis.com/launch-stage": "BETA"
                    },
                    "generation": 0,
                    "labels": {},
                    "name": "",
                    "namespace": "",
                    "resource_version": "",
                    "self_link": "",
                    "uid": ""
                  }
                ],
                "spec": [
                  {
                    "container_concurrency": 80,
                    "containers": [
                      {
                        "args": [],
                        "command": [],
                        "env": [
                          {
                            "name": "REGION",
                            "value": "asia-east2"
                          }
                        ],
                        "env_from": [],
                        "image": "gcr.io/gcping/github.com/imjasonh/gcping/cmd/ping@sha256:c2b752ef56d62ef5f5e86ea6cc03e289995a95bee06f0dc30e5cde085df67695",
                        "ports": [
                          {
                            "container_port": 8080,
                            "name": "",
                            "protocol": ""
                          }
                        ],
                        "resources": [
                          {
                            "limits": {
                              "cpu": "1000m",
                              "memory": "256Mi"
                            },
                            "requests": {}
                          }
                        ],
                        "working_dir": ""
                      }
                    ],
                    "service_account_name": "",
                    "serving_state": "",
                    "timeout_seconds": 300
                  }
                ]
              }
            ],
            "timeouts": null,
            "traffic": [
              {
                "latest_revision": true,
                "percent": 100,
                "revision_name": ""
              }
            ]
          },
          "private": "eyJlMmJmYjczMC1lY2FhLTExZTYtOGY4OC0zNDM2M2JjN2M0YzAiOnsiY3JlYXRlIjozNjAwMDAwMDAwMDAsImRlbGV0ZSI6MjQwMDAwMDAwMDAwLCJ1cGRhdGUiOjkwMDAwMDAwMDAwMH0sInNjaGVtYV92ZXJzaW9uIjoiMSJ9",
          "dependencies": [
            "google_project_service.run"
          ]
        },
        {
          "index_key": "asia-northeast1",
          "schema_version": 1,
          "attributes": {
            "autogenerate_revision_name": false,
            "id": "locations/asia-northeast1/namespaces/gcping/services/asia-northeast1",
            "location": "asia-northeast1",
            "metadata": [
              {
                "annotations": {
                  "run.googleapis.com/ingress": "all",
                  "run.googleapis.com/ingress-status": "all",
                  "serving.knative.dev/creator": "imjasonh@gmail.com",
                  "serving.knative.dev/lastModifier": "imjasonh@gmail.com"
                },
                "generation": 7,
                "labels": {
                  "cloud.googleapis.com/location": "asia-northeast1"
                },
                "namespace": "gcping",
                "resource_version": "AAW48cACsIc",
                "self_link": "/apis/serving.knative.dev/v1/namespaces/555692611324/services/asia-northeast1",
                "uid": "598b6568-dce7-49b7-be58-66a095658eed"
              }
            ],
            "name": "asia-northeast1",
            "project": "gcping",
            "status": [
              {
                "conditions": [
                  {
                    "message": "",
                    "reason": "",
                    "status": "True",
                    "type": "Ready"
                  },
                  {
                    "message": "",
                    "reason": "",
                    "status": "True",
                    "type": "ConfigurationsReady"
                  },
                  {
                    "message": "",
                    "reason": "",
                    "status": "True",
                    "type": "RoutesReady"
                  }
                ],
                "latest_created_revision_name": "asia-northeast1-xlcwf",
                "latest_ready_revision_name": "asia-northeast1-xlcwf",
                "observed_generation": 7,
                "url": "https://asia-northeast1-ezn5kimndq-an.a.run.app"
              }
            ],
            "template": [
              {
                "metadata": [
                  {
                    "annotations": {
                      "autoscaling.knative.dev/maxScale": "3",
                      "run.googleapis.com/launch-stage": "BETA"
                    },
                    "generation": 0,
                    "labels": {},
                    "name": "",
                    "namespace": "",
                    "resource_version": "",
                    "self_link": "",
                    "uid": ""
                  }
                ],
                "spec": [
                  {
                    "container_concurrency": 80,
                    "containers": [
                      {
                        "args": [],
                        "command": [],
                        "env": [
                          {
                            "name": "REGION",
                            "value": "asia-northeast1"
                          }
                        ],
                        "env_from": [],
                        "image": "gcr.io/gcping/github.com/imjasonh/gcping/cmd/ping@sha256:c2b752ef56d62ef5f5e86ea6cc03e289995a95bee06f0dc30e5cde085df67695",
                        "ports": [
                          {
                            "container_port": 8080,
                            "name": "",
                            "protocol": ""
                          }
                        ],
                        "resources": [
                          {
                            "limits": {
                              "cpu": "1000m",
                              "memory": "256Mi"
                            },
                            "requests": {}
                          }
                        ],
                        "working_dir": ""
                      }
                    ],
                    "service_account_name": "",
                    "serving_state": "",
                    "timeout_seconds": 300
                  }
                ]
              }
            ],
            "timeouts": null,
            "traffic": [
              {
                "latest_revision": true,
                "percent": 100,
                "revision_name": ""
              }
            ]
          },
          "private": "eyJlMmJmYjczMC1lY2FhLTExZTYtOGY4OC0zNDM2M2JjN2M0YzAiOnsiY3JlYXRlIjozNjAwMDAwMDAwMDAsImRlbGV0ZSI6MjQwMDAwMDAwMDAwLCJ1cGRhdGUiOjkwMDAwMDAwMDAwMH0sInNjaGVtYV92ZXJzaW9uIjoiMSJ9",
          "dependencies": [
            "google_project_service.run"
          ]
        },
        {
          "index_key": "asia-northeast2",
          "schema_version": 1,
          "attributes": {
            "autogenerate_revision_name": false,
            "id": "locations/asia-northeast2/namespaces/gcping/services/asia-northeast2",
            "location": "asia-northeast2",
            "metadata": [
              {
                "annotations": {
                  "run.googleapis.com/ingress": "all",
                  "run.googleapis.com/ingress-status": "all",
                  "serving.knative.dev/creator": "imjasonh@gmail.com",
                  "serving.knative.dev/lastModifier": "imjasonh@gmail.com"
                },
                "generation": 7,
                "labels": {
                  "cloud.googleapis.com/location": "asia-northeast2"
                },
                "namespace": "gcping",
                "resource_version": "AAW48cERasQ",
                "self_link": "/apis/serving.knative.dev/v1/namespaces/555692611324/services/asia-northeast2",
                "uid": "14e145d4-19d9-4a6e-bb0c-3852b1b76106"
              }
            ],
            "name": "asia-northeast2",
            "project": "gcping",
            "status": [
              {
                "conditions": [
                  {
                    "message": "",
                    "reason": "",
                    "status": "True",
                    "type": "Ready"
                  },
                  {
                    "message": "",
                    "reason": "",
                    "status": "True",
                    "type": "ConfigurationsReady"
                  },
                  {
                    "message": "",
                    "reason": "",
                    "status": "True",
                    "type": "RoutesReady"
                  }
                ],
                "latest_created_revision_name": "asia-northeast2-4wdxc",
                "latest_ready_revision_name": "asia-northeast2-4wdxc",
                "observed_generation": 7,
                "url": "https://asia-northeast2-ezn5kimndq-dt.a.run.app"
              }
            ],
            "template": [
              {
                "metadata": [
                  {
                    "annotations": {
                      "autoscaling.knative.dev/maxScale": "3",
                      "run.googleapis.com/launch-stage": "BETA"
                    },
                    "generation": 0,
                    "labels": {},
                    "name": "",
                    "namespace": "",
                    "resource_version": "",
                    "self_link": "",
                    "uid": ""
                  }
                ],
                "spec": [
                  {
                    "container_concurrency": 80,
                    "containers": [
                      {
                        "args": [],
                        "command": [],
                        "env": [
                          {
                            "name": "REGION",
                            "value": "asia-northeast2"
                          }
                        ],
                        "env_from": [],
                        "image": "gcr.io/gcping/github.com/imjasonh/gcping/cmd/ping@sha256:c2b752ef56d62ef5f5e86ea6cc03e289995a95bee06f0dc30e5cde085df67695",
                        "ports": [
                          {
                            "container_port": 8080,
                            "name": "",
                            "protocol": ""
                          }
                        ],
                        "resources": [
                          {
                            "limits": {
                              "cpu": "1000m",
                              "memory": "256Mi"
                            },
                            "requests": {}
                          }
                        ],
                        "working_dir": ""
                      }
                    ],
                    "service_account_name": "",
                    "serving_state": "",
                    "timeout_seconds": 300
                  }
                ]
              }
            ],
            "timeouts": null,
            "traffic": [
              {
                "latest_revision": true,
                "percent": 100,
                "revision_name": ""
              }
            ]
          },
          "private": "eyJlMmJmYjczMC1lY2FhLTExZTYtOGY4OC0zNDM2M2JjN2M0YzAiOnsiY3JlYXRlIjozNjAwMDAwMDAwMDAsImRlbGV0ZSI6MjQwMDAwMDAwMDAwLCJ1cGRhdGUiOjkwMDAwMDAwMDAwMH0sInNjaGVtYV92ZXJzaW9uIjoiMSJ9",
          "dependencies": [
            "google_project_service.run"
          ]
        },
        {
          "index_key": "asia-northeast3",
          "schema_version": 1,
          "attributes": {
            "autogenerate_revision_name": false,
            "id": "locations/asia-northeast3/namespaces/gcping/services/asia-northeast3",
            "location": "asia-northeast3",
            "metadata": [
              {
                "annotations": {
                  "run.googleapis.com/ingress": "all",
                  "run.googleapis.com/ingress-status": "all",
                  "serving.knative.dev/creator": "imjasonh@gmail.com",
                  "serving.knative.dev/lastModifier": "imjasonh@gmail.com"
                },
                "generation": 7,
                "labels": {
                  "cloud.googleapis.com/location": "asia-northeast3"
                },
                "namespace": "gcping",
                "resource_version": "AAW48cFyCpo",
                "self_link": "/apis/serving.knative.dev/v1/namespaces/555692611324/services/asia-northeast3",
                "uid": "b0f57aeb-8c86-4c30-989a-d94d4f8913ea"
              }
            ],
            "name": "asia-northeast3",
            "project": "gcping",
            "status": [
              {
                "conditions": [
                  {
                    "message": "",
                    "reason": "",
                    "status": "True",
                    "type": "Ready"
                  },
                  {
                    "message": "",
                    "reason": "",
                    "status": "True",
                    "type": "ConfigurationsReady"
                  },
                  {
                    "message": "",
                    "reason": "",
                    "status": "True",
                    "type": "RoutesReady"
                  }
                ],
                "latest_created_revision_name": "asia-northeast3-vdgm8",
                "latest_ready_revision_name": "asia-northeast3-vdgm8",
                "observed_generation": 7,
                "url": "https://asia-northeast3-ezn5kimndq-du.a.run.app"
              }
            ],
            "template": [
              {
                "metadata": [
                  {
                    "annotations": {
                      "autoscaling.knative.dev/maxScale": "3",
                      "run.googleapis.com/launch-stage": "BETA"
                    },
                    "generation": 0,
                    "labels": {},
                    "name": "",
                    "namespace": "",
                    "resource_version": "",
                    "self_link": "",
                    "uid": ""
                  }
                ],
                "spec": [
                  {
                    "container_concurrency": 80,
                    "containers": [
                      {
                        "args": [],
                        "command": [],
                        "env": [
                          {
                            "name": "REGION",
                            "value": "asia-northeast3"
                          }
                        ],
                        "env_from": [],
                        "image": "gcr.io/gcping/github.com/imjasonh/gcping/cmd/ping@sha256:c2b752ef56d62ef5f5e86ea6cc03e289995a95bee06f0dc30e5cde085df67695",
                        "ports": [
                          {
                            "container_port": 8080,
                            "name": "",
                            "protocol": ""
                          }
                        ],
                        "resources": [
                          {
                            "limits": {
                              "cpu": "1000m",
                              "memory": "256Mi"
                            },
                            "requests": {}
                          }
                        ],
                        "working_dir": ""
                      }
                    ],
                    "service_account_name": "",
                    "serving_state": "",
                    "timeout_seconds": 300
                  }
                ]
              }
            ],
            "timeouts": null,
            "traffic": [
              {
                "latest_revision": true,
                "percent": 100,
                "revision_name": ""
              }
            ]
          },
          "private": "eyJlMmJmYjczMC1lY2FhLTExZTYtOGY4OC0zNDM2M2JjN2M0YzAiOnsiY3JlYXRlIjozNjAwMDAwMDAwMDAsImRlbGV0ZSI6MjQwMDAwMDAwMDAwLCJ1cGRhdGUiOjkwMDAwMDAwMDAwMH0sInNjaGVtYV92ZXJzaW9uIjoiMSJ9",
          "dependencies": [
            "google_project_service.run"
          ]
        },
        {
          "index_key": "asia-south1",
          "schema_version": 1,
          "attributes": {
            "autogenerate_revision_name": false,
            "id": "locations/asia-south1/namespaces/gcping/services/asia-south1",
            "location": "asia-south1",
            "metadata": [
              {
                "annotations": {
                  "run.googleapis.com/ingress": "all",
                  "run.googleapis.com/ingress-status": "all",
                  "serving.knative.dev/creator": "imjasonh@gmail.com",
                  "serving.knative.dev/lastModifier": "imjasonh@gmail.com"
                },
                "generation": 7,
                "labels": {
                  "cloud.googleapis.com/location": "asia-south1"
                },
                "namespace": "gcping",
                "resource_version": "AAW48cGWOf0",
                "self_link": "/apis/serving.knative.dev/v1/namespaces/555692611324/services/asia-south1",
                "uid": "29751d8b-a097-45aa-9caa-9b6b26d89fec"
              }
            ],
            "name": "asia-south1",
            "project": "gcping",
            "status": [
              {
                "conditions": [
                  {
                    "message": "",
                    "reason": "",
                    "status": "True",
                    "type": "Ready"
                  },
                  {
                    "message": "",
                    "reason": "",
                    "status": "True",
                    "type": "ConfigurationsReady"
                  },
                  {
                    "message": "",
                    "reason": "",
                    "status": "True",
                    "type": "RoutesReady"
                  }
                ],
                "latest_created_revision_name": "asia-south1-w5ftl",
                "latest_ready_revision_name": "asia-south1-w5ftl",
                "observed_generation": 7,
                "url": "https://asia-south1-ezn5kimndq-el.a.run.app"
              }
            ],
            "template": [
              {
                "metadata": [
                  {
                    "annotations": {
                      "autoscaling.knative.dev/maxScale": "3",
                      "run.googleapis.com/launch-stage": "BETA"
                    },
                    "generation": 0,
                    "labels": {},
                    "name": "",
                    "namespace": "",
                    "resource_version": "",
                    "self_link": "",
                    "uid": ""
                  }
                ],
                "spec": [
                  {
                    "container_concurrency": 80,
                    "containers": [
                      {
                        "args": [],
                        "command": [],
                        "env": [
                          {
                            "name": "REGION",
                            "value": "asia-south1"
                          }
                        ],
                        "env_from": [],
                        "image": "gcr.io/gcping/github.com/imjasonh/gcping/cmd/ping@sha256:c2b752ef56d62ef5f5e86ea6cc03e289995a95bee06f0dc30e5cde085df67695",
                        "ports": [
                          {
                            "container_port": 8080,
                            "name": "",
                            "protocol": ""
                          }
                        ],
                        "resources": [
                          {
                            "limits": {
                              "cpu": "1000m",
                              "memory": "256Mi"
                            },
                            "requests": {}
                          }
                        ],
                        "working_dir": ""
                      }
                    ],
                    "service_account_name": "",
                    "serving_state": "",
                    "timeout_seconds": 300
                  }
                ]
              }
            ],
            "timeouts": null,
            "traffic": [
              {
                "latest_revision": true,
                "percent": 100,
                "revision_name": ""
              }
            ]
          },
          "private": "eyJlMmJmYjczMC1lY2FhLTExZTYtOGY4OC0zNDM2M2JjN2M0YzAiOnsiY3JlYXRlIjozNjAwMDAwMDAwMDAsImRlbGV0ZSI6MjQwMDAwMDAwMDAwLCJ1cGRhdGUiOjkwMDAwMDAwMDAwMH0sInNjaGVtYV92ZXJzaW9uIjoiMSJ9",
          "dependencies": [
            "google_project_service.run"
          ]
        },
        {
          "index_key": "asia-southeast1",
          "schema_version": 1,
          "attributes": {
            "autogenerate_revision_name": false,
            "id": "locations/asia-southeast1/namespaces/gcping/services/asia-southeast1",
            "location": "asia-southeast1",
            "metadata": [
              {
                "annotations": {
                  "run.googleapis.com/ingress": "all",
                  "run.googleapis.com/ingress-status": "all",
                  "serving.knative.dev/creator": "imjasonh@gmail.com",
                  "serving.knative.dev/lastModifier": "imjasonh@gmail.com"
                },
                "generation": 7,
                "labels": {
                  "cloud.googleapis.com/location": "asia-southeast1"
                },
                "namespace": "gcping",
                "resource_version": "AAW48b/lHzQ",
                "self_link": "/apis/serving.knative.dev/v1/namespaces/555692611324/services/asia-southeast1",
                "uid": "8823ac71-a264-4c5c-b31d-4743f9334963"
              }
            ],
            "name": "asia-southeast1",
            "project": "gcping",
            "status": [
              {
                "conditions": [
                  {
                    "message": "",
                    "reason": "",
                    "status": "True",
                    "type": "Ready"
                  },
                  {
                    "message": "",
                    "reason": "",
                    "status": "True",
                    "type": "ConfigurationsReady"
                  },
                  {
                    "message": "",
                    "reason": "",
                    "status": "True",
                    "type": "RoutesReady"
                  }
                ],
                "latest_created_revision_name": "asia-southeast1-tln2h",
                "latest_ready_revision_name": "asia-southeast1-tln2h",
                "observed_generation": 7,
                "url": "https://asia-southeast1-ezn5kimndq-as.a.run.app"
              }
            ],
            "template": [
              {
                "metadata": [
                  {
                    "annotations": {
                      "autoscaling.knative.dev/maxScale": "3",
                      "run.googleapis.com/launch-stage": "BETA"
                    },
                    "generation": 0,
                    "labels": {},
                    "name": "",
                    "namespace": "",
                    "resource_version": "",
                    "self_link": "",
                    "uid": ""
                  }
                ],
                "spec": [
                  {
                    "container_concurrency": 80,
                    "containers": [
                      {
                        "args": [],
                        "command": [],
                        "env": [
                          {
                            "name": "REGION",
                            "value": "asia-southeast1"
                          }
                        ],
                        "env_from": [],
                        "image": "gcr.io/gcping/github.com/imjasonh/gcping/cmd/ping@sha256:c2b752ef56d62ef5f5e86ea6cc03e289995a95bee06f0dc30e5cde085df67695",
                        "ports": [
                          {
                            "container_port": 8080,
                            "name": "",
                            "protocol": ""
                          }
                        ],
                        "resources": [
                          {
                            "limits": {
                              "cpu": "1000m",
                              "memory": "256Mi"
                            },
                            "requests": {}
                          }
                        ],
                        "working_dir": ""
                      }
                    ],
                    "service_account_name": "",
                    "serving_state": "",
                    "timeout_seconds": 300
                  }
                ]
              }
            ],
            "timeouts": null,
            "traffic": [
              {
                "latest_revision": true,
                "percent": 100,
                "revision_name": ""
              }
            ]
          },
          "private": "eyJlMmJmYjczMC1lY2FhLTExZTYtOGY4OC0zNDM2M2JjN2M0YzAiOnsiY3JlYXRlIjozNjAwMDAwMDAwMDAsImRlbGV0ZSI6MjQwMDAwMDAwMDAwLCJ1cGRhdGUiOjkwMDAwMDAwMDAwMH0sInNjaGVtYV92ZXJzaW9uIjoiMSJ9",
          "dependencies": [
            "google_project_service.run"
          ]
        },
        {
          "index_key": "asia-southeast2",
          "schema_version": 1,
          "attributes": {
            "autogenerate_revision_name": false,
            "id": "locations/asia-southeast2/namespaces/gcping/services/asia-southeast2",
            "location": "asia-southeast2",
            "metadata": [
              {
                "annotations": {
                  "run.googleapis.com/ingress": "all",
                  "run.googleapis.com/ingress-status": "all",
                  "serving.knative.dev/creator": "imjasonh@gmail.com",
                  "serving.knative.dev/lastModifier": "imjasonh@gmail.com"
                },
                "generation": 7,
                "labels": {
                  "cloud.googleapis.com/location": "asia-southeast2"
                },
                "namespace": "gcping",
                "resource_version": "AAW48cALBPE",
                "self_link": "/apis/serving.knative.dev/v1/namespaces/555692611324/services/asia-southeast2",
                "uid": "21faeea2-5fbb-4762-826e-c7823d9a386b"
              }
            ],
            "name": "asia-southeast2",
            "project": "gcping",
            "status": [
              {
                "conditions": [
                  {
                    "message": "",
                    "reason": "",
                    "status": "True",
                    "type": "Ready"
                  },
                  {
                    "message": "",
                    "reason": "",
                    "status": "True",
                    "type": "ConfigurationsReady"
                  },
                  {
                    "message": "",
                    "reason": "",
                    "status": "True",
                    "type": "RoutesReady"
                  }
                ],
                "latest_created_revision_name": "asia-southeast2-pt7hx",
                "latest_ready_revision_name": "asia-southeast2-pt7hx",
                "observed_generation": 7,
                "url": "https://asia-southeast2-ezn5kimndq-et.a.run.app"
              }
            ],
            "template": [
              {
                "metadata": [
                  {
                    "annotations": {
                      "autoscaling.knative.dev/maxScale": "3",
                      "run.googleapis.com/launch-stage": "BETA"
                    },
                    "generation": 0,
                    "labels": {},
                    "name": "",
                    "namespace": "",
                    "resource_version": "",
                    "self_link": "",
                    "uid": ""
                  }
                ],
                "spec": [
                  {
                    "container_concurrency": 80,
                    "containers": [
                      {
                        "args": [],
                        "command": [],
                        "env": [
                          {
                            "name": "REGION",
                            "value": "asia-southeast2"
                          }
                        ],
                        "env_from": [],
                        "image": "gcr.io/gcping/github.com/imjasonh/gcping/cmd/ping@sha256:c2b752ef56d62ef5f5e86ea6cc03e289995a95bee06f0dc30e5cde085df67695",
                        "ports": [
                          {
                            "container_port": 8080,
                            "name": "",
                            "protocol": ""
                          }
                        ],
                        "resources": [
                          {
                            "limits": {
                              "cpu": "1000m",
                              "memory": "256Mi"
                            },
                            "requests": {}
                          }
                        ],
                        "working_dir": ""
                      }
                    ],
                    "service_account_name": "",
                    "serving_state": "",
                    "timeout_seconds": 300
                  }
                ]
              }
            ],
            "timeouts": null,
            "traffic": [
              {
                "latest_revision": true,
                "percent": 100,
                "revision_name": ""
              }
            ]
          },
          "private": "eyJlMmJmYjczMC1lY2FhLTExZTYtOGY4OC0zNDM2M2JjN2M0YzAiOnsiY3JlYXRlIjozNjAwMDAwMDAwMDAsImRlbGV0ZSI6MjQwMDAwMDAwMDAwLCJ1cGRhdGUiOjkwMDAwMDAwMDAwMH0sInNjaGVtYV92ZXJzaW9uIjoiMSJ9",
          "dependencies": [
            "google_project_service.run"
          ]
        },
        {
          "index_key": "australia-southeast1",
          "schema_version": 1,
          "attributes": {
            "autogenerate_revision_name": false,
            "id": "locations/australia-southeast1/namespaces/gcping/services/australia-southeast1",
            "location": "australia-southeast1",
            "metadata": [
              {
                "annotations": {
                  "run.googleapis.com/ingress": "all",
                  "run.googleapis.com/ingress-status": "all",
                  "serving.knative.dev/creator": "imjasonh@gmail.com",
                  "serving.knative.dev/lastModifier": "imjasonh@gmail.com"
                },
                "generation": 7,
                "labels": {
                  "cloud.googleapis.com/location": "australia-southeast1"
                },
                "namespace": "gcping",
                "resource_version": "AAW48cFNy5U",
                "self_link": "/apis/serving.knative.dev/v1/namespaces/555692611324/services/australia-southeast1",
                "uid": "b4d88feb-4873-4031-bcc2-6c25fe82ed40"
              }
            ],
            "name": "australia-southeast1",
            "project": "gcping",
            "status": [
              {
                "conditions": [
                  {
                    "message": "",
                    "reason": "",
                    "status": "True",
                    "type": "Ready"
                  },
                  {
                    "message": "",
                    "reason": "",
                    "status": "True",
                    "type": "ConfigurationsReady"
                  },
                  {
                    "message": "",
                    "reason": "",
                    "status": "True",
                    "type": "RoutesReady"
                  }
                ],
                "latest_created_revision_name": "australia-southeast1-z7gxx",
                "latest_ready_revision_name": "australia-southeast1-z7gxx",
                "observed_generation": 7,
                "url": "https://australia-southeast1-ezn5kimndq-ts.a.run.app"
              }
            ],
            "template": [
              {
                "metadata": [
                  {
                    "annotations": {
                      "autoscaling.knative.dev/maxScale": "3",
                      "run.googleapis.com/launch-stage": "BETA"
                    },
                    "generation": 0,
                    "labels": {},
                    "name": "",
                    "namespace": "",
                    "resource_version": "",
                    "self_link": "",
                    "uid": ""
                  }
                ],
                "spec": [
                  {
                    "container_concurrency": 80,
                    "containers": [
                      {
                        "args": [],
                        "command": [],
                        "env": [
                          {
                            "name": "REGION",
                            "value": "australia-southeast1"
                          }
                        ],
                        "env_from": [],
                        "image": "gcr.io/gcping/github.com/imjasonh/gcping/cmd/ping@sha256:c2b752ef56d62ef5f5e86ea6cc03e289995a95bee06f0dc30e5cde085df67695",
                        "ports": [
                          {
                            "container_port": 8080,
                            "name": "",
                            "protocol": ""
                          }
                        ],
                        "resources": [
                          {
                            "limits": {
                              "cpu": "1000m",
                              "memory": "256Mi"
                            },
                            "requests": {}
                          }
                        ],
                        "working_dir": ""
                      }
                    ],
                    "service_account_name": "",
                    "serving_state": "",
                    "timeout_seconds": 300
                  }
                ]
              }
            ],
            "timeouts": null,
            "traffic": [
              {
                "latest_revision": true,
                "percent": 100,
                "revision_name": ""
              }
            ]
          },
          "private": "eyJlMmJmYjczMC1lY2FhLTExZTYtOGY4OC0zNDM2M2JjN2M0YzAiOnsiY3JlYXRlIjozNjAwMDAwMDAwMDAsImRlbGV0ZSI6MjQwMDAwMDAwMDAwLCJ1cGRhdGUiOjkwMDAwMDAwMDAwMH0sInNjaGVtYV92ZXJzaW9uIjoiMSJ9",
          "dependencies": [
            "google_project_service.run"
          ]
        },
        {
          "index_key": "europe-north1",
          "schema_version": 1,
          "attributes": {
            "autogenerate_revision_name": false,
            "id": "locations/europe-north1/namespaces/gcping/services/europe-north1",
            "location": "europe-north1",
            "metadata": [
              {
                "annotations": {
                  "run.googleapis.com/ingress": "all",
                  "run.googleapis.com/ingress-status": "all",
                  "serving.knative.dev/creator": "imjasonh@gmail.com",
                  "serving.knative.dev/lastModifier": "imjasonh@gmail.com"
                },
                "generation": 7,
                "labels": {
                  "cloud.googleapis.com/location": "europe-north1"
                },
                "namespace": "gcping",
                "resource_version": "AAW48cE6w2E",
                "self_link": "/apis/serving.knative.dev/v1/namespaces/555692611324/services/europe-north1",
                "uid": "baa14d20-bd8d-4dd1-84aa-4b4e5cb2fcae"
              }
            ],
            "name": "europe-north1",
            "project": "gcping",
            "status": [
              {
                "conditions": [
                  {
                    "message": "",
                    "reason": "",
                    "status": "True",
                    "type": "Ready"
                  },
                  {
                    "message": "",
                    "reason": "",
                    "status": "True",
                    "type": "ConfigurationsReady"
                  },
                  {
                    "message": "",
                    "reason": "",
                    "status": "True",
                    "type": "RoutesReady"
                  }
                ],
                "latest_created_revision_name": "europe-north1-cm4jb",
                "latest_ready_revision_name": "europe-north1-cm4jb",
                "observed_generation": 7,
                "url": "https://europe-north1-ezn5kimndq-lz.a.run.app"
              }
            ],
            "template": [
              {
                "metadata": [
                  {
                    "annotations": {
                      "autoscaling.knative.dev/maxScale": "3",
                      "run.googleapis.com/launch-stage": "BETA"
                    },
                    "generation": 0,
                    "labels": {},
                    "name": "",
                    "namespace": "",
                    "resource_version": "",
                    "self_link": "",
                    "uid": ""
                  }
                ],
                "spec": [
                  {
                    "container_concurrency": 80,
                    "containers": [
                      {
                        "args": [],
                        "command": [],
                        "env": [
                          {
                            "name": "REGION",
                            "value": "europe-north1"
                          }
                        ],
                        "env_from": [],
                        "image": "gcr.io/gcping/github.com/imjasonh/gcping/cmd/ping@sha256:c2b752ef56d62ef5f5e86ea6cc03e289995a95bee06f0dc30e5cde085df67695",
                        "ports": [
                          {
                            "container_port": 8080,
                            "name": "",
                            "protocol": ""
                          }
                        ],
                        "resources": [
                          {
                            "limits": {
                              "cpu": "1000m",
                              "memory": "256Mi"
                            },
                            "requests": {}
                          }
                        ],
                        "working_dir": ""
                      }
                    ],
                    "service_account_name": "",
                    "serving_state": "",
                    "timeout_seconds": 300
                  }
                ]
              }
            ],
            "timeouts": null,
            "traffic": [
              {
                "latest_revision": true,
                "percent": 100,
                "revision_name": ""
              }
            ]
          },
          "private": "eyJlMmJmYjczMC1lY2FhLTExZTYtOGY4OC0zNDM2M2JjN2M0YzAiOnsiY3JlYXRlIjozNjAwMDAwMDAwMDAsImRlbGV0ZSI6MjQwMDAwMDAwMDAwLCJ1cGRhdGUiOjkwMDAwMDAwMDAwMH0sInNjaGVtYV92ZXJzaW9uIjoiMSJ9",
          "dependencies": [
            "google_project_service.run"
          ]
        },
        {
          "index_key": "europe-west1",
          "schema_version": 1,
          "attributes": {
            "autogenerate_revision_name": false,
            "id": "locations/europe-west1/namespaces/gcping/services/europe-west1",
            "location": "europe-west1",
            "metadata": [
              {
                "annotations": {
                  "run.googleapis.com/ingress": "all",
                  "run.googleapis.com/ingress-status": "all",
                  "serving.knative.dev/creator": "imjasonh@gmail.com",
                  "serving.knative.dev/lastModifier": "imjasonh@gmail.com"
                },
                "generation": 7,
                "labels": {
                  "cloud.googleapis.com/location": "europe-west1"
                },
                "namespace": "gcping",
                "resource_version": "AAW48b+1+bw",
                "self_link": "/apis/serving.knative.dev/v1/namespaces/555692611324/services/europe-west1",
                "uid": "c27fae9d-5303-4284-9ce7-949a8eaa0bb5"
              }
            ],
            "name": "europe-west1",
            "project": "gcping",
            "status": [
              {
                "conditions": [
                  {
                    "message": "",
                    "reason": "",
                    "status": "True",
                    "type": "Ready"
                  },
                  {
                    "message": "",
                    "reason": "",
                    "status": "True",
                    "type": "ConfigurationsReady"
                  },
                  {
                    "message": "",
                    "reason": "",
                    "status": "True",
                    "type": "RoutesReady"
                  }
                ],
                "latest_created_revision_name": "europe-west1-4swq9",
                "latest_ready_revision_name": "europe-west1-4swq9",
                "observed_generation": 7,
                "url": "https://europe-west1-ezn5kimndq-ew.a.run.app"
              }
            ],
            "template": [
              {
                "metadata": [
                  {
                    "annotations": {
                      "autoscaling.knative.dev/maxScale": "3",
                      "run.googleapis.com/launch-stage": "BETA"
                    },
                    "generation": 0,
                    "labels": {},
                    "name": "",
                    "namespace": "",
                    "resource_version": "",
                    "self_link": "",
                    "uid": ""
                  }
                ],
                "spec": [
                  {
                    "container_concurrency": 80,
                    "containers": [
                      {
                        "args": [],
                        "command": [],
                        "env": [
                          {
                            "name": "REGION",
                            "value": "europe-west1"
                          }
                        ],
                        "env_from": [],
                        "image": "gcr.io/gcping/github.com/imjasonh/gcping/cmd/ping@sha256:c2b752ef56d62ef5f5e86ea6cc03e289995a95bee06f0dc30e5cde085df67695",
                        "ports": [
                          {
                            "container_port": 8080,
                            "name": "",
                            "protocol": ""
                          }
                        ],
                        "resources": [
                          {
                            "limits": {
                              "cpu": "1000m",
                              "memory": "256Mi"
                            },
                            "requests": {}
                          }
                        ],
                        "working_dir": ""
                      }
                    ],
                    "service_account_name": "",
                    "serving_state": "",
                    "timeout_seconds": 300
                  }
                ]
              }
            ],
            "timeouts": null,
            "traffic": [
              {
                "latest_revision": true,
                "percent": 100,
                "revision_name": ""
              }
            ]
          },
          "private": "eyJlMmJmYjczMC1lY2FhLTExZTYtOGY4OC0zNDM2M2JjN2M0YzAiOnsiY3JlYXRlIjozNjAwMDAwMDAwMDAsImRlbGV0ZSI6MjQwMDAwMDAwMDAwLCJ1cGRhdGUiOjkwMDAwMDAwMDAwMH0sInNjaGVtYV92ZXJzaW9uIjoiMSJ9",
          "dependencies": [
            "google_project_service.run"
          ]
        },
        {
          "index_key": "europe-west2",
          "schema_version": 1,
          "attributes": {
            "autogenerate_revision_name": false,
            "id": "locations/europe-west2/namespaces/gcping/services/europe-west2",
            "location": "europe-west2",
            "metadata": [
              {
                "annotations": {
                  "run.googleapis.com/ingress": "all",
                  "run.googleapis.com/ingress-status": "all",
                  "serving.knative.dev/creator": "imjasonh@gmail.com",
                  "serving.knative.dev/lastModifier": "imjasonh@gmail.com"
                },
                "generation": 7,
                "labels": {
                  "cloud.googleapis.com/location": "europe-west2"
                },
                "namespace": "gcping",
                "resource_version": "AAW48b+tNiw",
                "self_link": "/apis/serving.knative.dev/v1/namespaces/555692611324/services/europe-west2",
                "uid": "95120845-0b47-48fb-8c12-4891fb40375e"
              }
            ],
            "name": "europe-west2",
            "project": "gcping",
            "status": [
              {
                "conditions": [
                  {
                    "message": "",
                    "reason": "",
                    "status": "True",
                    "type": "Ready"
                  },
                  {
                    "message": "",
                    "reason": "",
                    "status": "True",
                    "type": "ConfigurationsReady"
                  },
                  {
                    "message": "",
                    "reason": "",
                    "status": "True",
                    "type": "RoutesReady"
                  }
                ],
                "latest_created_revision_name": "europe-west2-49f79",
                "latest_ready_revision_name": "europe-west2-49f79",
                "observed_generation": 7,
                "url": "https://europe-west2-ezn5kimndq-nw.a.run.app"
              }
            ],
            "template": [
              {
                "metadata": [
                  {
                    "annotations": {
                      "autoscaling.knative.dev/maxScale": "3",
                      "run.googleapis.com/launch-stage": "BETA"
                    },
                    "generation": 0,
                    "labels": {},
                    "name": "",
                    "namespace": "",
                    "resource_version": "",
                    "self_link": "",
                    "uid": ""
                  }
                ],
                "spec": [
                  {
                    "container_concurrency": 80,
                    "containers": [
                      {
                        "args": [],
                        "command": [],
                        "env": [
                          {
                            "name": "REGION",
                            "value": "europe-west2"
                          }
                        ],
                        "env_from": [],
                        "image": "gcr.io/gcping/github.com/imjasonh/gcping/cmd/ping@sha256:c2b752ef56d62ef5f5e86ea6cc03e289995a95bee06f0dc30e5cde085df67695",
                        "ports": [
                          {
                            "container_port": 8080,
                            "name": "",
                            "protocol": ""
                          }
                        ],
                        "resources": [
                          {
                            "limits": {
                              "cpu": "1000m",
                              "memory": "256Mi"
                            },
                            "requests": {}
                          }
                        ],
                        "working_dir": ""
                      }
                    ],
                    "service_account_name": "",
                    "serving_state": "",
                    "timeout_seconds": 300
                  }
                ]
              }
            ],
            "timeouts": null,
            "traffic": [
              {
                "latest_revision": true,
                "percent": 100,
                "revision_name": ""
              }
            ]
          },
          "private": "eyJlMmJmYjczMC1lY2FhLTExZTYtOGY4OC0zNDM2M2JjN2M0YzAiOnsiY3JlYXRlIjozNjAwMDAwMDAwMDAsImRlbGV0ZSI6MjQwMDAwMDAwMDAwLCJ1cGRhdGUiOjkwMDAwMDAwMDAwMH0sInNjaGVtYV92ZXJzaW9uIjoiMSJ9",
          "dependencies": [
            "google_project_service.run"
          ]
        },
        {
          "index_key": "europe-west3",
          "schema_version": 1,
          "attributes": {
            "autogenerate_revision_name": false,
            "id": "locations/europe-west3/namespaces/gcping/services/europe-west3",
            "location": "europe-west3",
            "metadata": [
              {
                "annotations": {
                  "run.googleapis.com/ingress": "all",
                  "run.googleapis.com/ingress-status": "all",
                  "serving.knative.dev/creator": "imjasonh@gmail.com",
                  "serving.knative.dev/lastModifier": "imjasonh@gmail.com"
                },
                "generation": 7,
                "labels": {
                  "cloud.googleapis.com/location": "europe-west3"
                },
                "namespace": "gcping",
                "resource_version": "AAW48cF94vI",
                "self_link": "/apis/serving.knative.dev/v1/namespaces/555692611324/services/europe-west3",
                "uid": "01b897ae-61bd-49a8-9d95-0dd5861d30a5"
              }
            ],
            "name": "europe-west3",
            "project": "gcping",
            "status": [
              {
                "conditions": [
                  {
                    "message": "",
                    "reason": "",
                    "status": "True",
                    "type": "Ready"
                  },
                  {
                    "message": "",
                    "reason": "",
                    "status": "True",
                    "type": "ConfigurationsReady"
                  },
                  {
                    "message": "",
                    "reason": "",
                    "status": "True",
                    "type": "RoutesReady"
                  }
                ],
                "latest_created_revision_name": "europe-west3-7mbxx",
                "latest_ready_revision_name": "europe-west3-7mbxx",
                "observed_generation": 7,
                "url": "https://europe-west3-ezn5kimndq-ey.a.run.app"
              }
            ],
            "template": [
              {
                "metadata": [
                  {
                    "annotations": {
                      "autoscaling.knative.dev/maxScale": "3",
                      "run.googleapis.com/launch-stage": "BETA"
                    },
                    "generation": 0,
                    "labels": {},
                    "name": "",
                    "namespace": "",
                    "resource_version": "",
                    "self_link": "",
                    "uid": ""
                  }
                ],
                "spec": [
                  {
                    "container_concurrency": 80,
                    "containers": [
                      {
                        "args": [],
                        "command": [],
                        "env": [
                          {
                            "name": "REGION",
                            "value": "europe-west3"
                          }
                        ],
                        "env_from": [],
                        "image": "gcr.io/gcping/github.com/imjasonh/gcping/cmd/ping@sha256:c2b752ef56d62ef5f5e86ea6cc03e289995a95bee06f0dc30e5cde085df67695",
                        "ports": [
                          {
                            "container_port": 8080,
                            "name": "",
                            "protocol": ""
                          }
                        ],
                        "resources": [
                          {
                            "limits": {
                              "cpu": "1000m",
                              "memory": "256Mi"
                            },
                            "requests": {}
                          }
                        ],
                        "working_dir": ""
                      }
                    ],
                    "service_account_name": "",
                    "serving_state": "",
                    "timeout_seconds": 300
                  }
                ]
              }
            ],
            "timeouts": null,
            "traffic": [
              {
                "latest_revision": true,
                "percent": 100,
                "revision_name": ""
              }
            ]
          },
          "private": "eyJlMmJmYjczMC1lY2FhLTExZTYtOGY4OC0zNDM2M2JjN2M0YzAiOnsiY3JlYXRlIjozNjAwMDAwMDAwMDAsImRlbGV0ZSI6MjQwMDAwMDAwMDAwLCJ1cGRhdGUiOjkwMDAwMDAwMDAwMH0sInNjaGVtYV92ZXJzaW9uIjoiMSJ9",
          "dependencies": [
            "google_project_service.run"
          ]
        },
        {
          "index_key": "europe-west4",
          "schema_version": 1,
          "attributes": {
            "autogenerate_revision_name": false,
            "id": "locations/europe-west4/namespaces/gcping/services/europe-west4",
            "location": "europe-west4",
            "metadata": [
              {
                "annotations": {
                  "run.googleapis.com/ingress": "all",
                  "run.googleapis.com/ingress-status": "all",
                  "serving.knative.dev/creator": "imjasonh@gmail.com",
                  "serving.knative.dev/lastModifier": "imjasonh@gmail.com"
                },
                "generation": 7,
                "labels": {
                  "cloud.googleapis.com/location": "europe-west4"
                },
                "namespace": "gcping",
                "resource_version": "AAW48cDepyo",
                "self_link": "/apis/serving.knative.dev/v1/namespaces/555692611324/services/europe-west4",
                "uid": "9a9a9b21-0c8b-4cf7-88b1-d639dbebf1f4"
              }
            ],
            "name": "europe-west4",
            "project": "gcping",
            "status": [
              {
                "conditions": [
                  {
                    "message": "",
                    "reason": "",
                    "status": "True",
                    "type": "Ready"
                  },
                  {
                    "message": "",
                    "reason": "",
                    "status": "True",
                    "type": "ConfigurationsReady"
                  },
                  {
                    "message": "",
                    "reason": "",
                    "status": "True",
                    "type": "RoutesReady"
                  }
                ],
                "latest_created_revision_name": "europe-west4-vwpkj",
                "latest_ready_revision_name": "europe-west4-vwpkj",
                "observed_generation": 7,
                "url": "https://europe-west4-ezn5kimndq-ez.a.run.app"
              }
            ],
            "template": [
              {
                "metadata": [
                  {
                    "annotations": {
                      "autoscaling.knative.dev/maxScale": "3",
                      "run.googleapis.com/launch-stage": "BETA"
                    },
                    "generation": 0,
                    "labels": {},
                    "name": "",
                    "namespace": "",
                    "resource_version": "",
                    "self_link": "",
                    "uid": ""
                  }
                ],
                "spec": [
                  {
                    "container_concurrency": 80,
                    "containers": [
                      {
                        "args": [],
                        "command": [],
                        "env": [
                          {
                            "name": "REGION",
                            "value": "europe-west4"
                          }
                        ],
                        "env_from": [],
                        "image": "gcr.io/gcping/github.com/imjasonh/gcping/cmd/ping@sha256:c2b752ef56d62ef5f5e86ea6cc03e289995a95bee06f0dc30e5cde085df67695",
                        "ports": [
                          {
                            "container_port": 8080,
                            "name": "",
                            "protocol": ""
                          }
                        ],
                        "resources": [
                          {
                            "limits": {
                              "cpu": "1000m",
                              "memory": "256Mi"
                            },
                            "requests": {}
                          }
                        ],
                        "working_dir": ""
                      }
                    ],
                    "service_account_name": "",
                    "serving_state": "",
                    "timeout_seconds": 300
                  }
                ]
              }
            ],
            "timeouts": null,
            "traffic": [
              {
                "latest_revision": true,
                "percent": 100,
                "revision_name": ""
              }
            ]
          },
          "private": "eyJlMmJmYjczMC1lY2FhLTExZTYtOGY4OC0zNDM2M2JjN2M0YzAiOnsiY3JlYXRlIjozNjAwMDAwMDAwMDAsImRlbGV0ZSI6MjQwMDAwMDAwMDAwLCJ1cGRhdGUiOjkwMDAwMDAwMDAwMH0sInNjaGVtYV92ZXJzaW9uIjoiMSJ9",
          "dependencies": [
            "google_project_service.run"
          ]
        },
        {
          "index_key": "europe-west6",
          "schema_version": 1,
          "attributes": {
            "autogenerate_revision_name": false,
            "id": "locations/europe-west6/namespaces/gcping/services/europe-west6",
            "location": "europe-west6",
            "metadata": [
              {
                "annotations": {
                  "run.googleapis.com/ingress": "all",
                  "run.googleapis.com/ingress-status": "all",
                  "serving.knative.dev/creator": "imjasonh@gmail.com",
                  "serving.knative.dev/lastModifier": "imjasonh@gmail.com"
                },
                "generation": 7,
                "labels": {
                  "cloud.googleapis.com/location": "europe-west6"
                },
                "namespace": "gcping",
                "resource_version": "AAW48b+qVI0",
                "self_link": "/apis/serving.knative.dev/v1/namespaces/555692611324/services/europe-west6",
                "uid": "427fd65e-9cf1-49c0-8686-f0d2012f045a"
              }
            ],
            "name": "europe-west6",
            "project": "gcping",
            "status": [
              {
                "conditions": [
                  {
                    "message": "",
                    "reason": "",
                    "status": "True",
                    "type": "Ready"
                  },
                  {
                    "message": "",
                    "reason": "",
                    "status": "True",
                    "type": "ConfigurationsReady"
                  },
                  {
                    "message": "",
                    "reason": "",
                    "status": "True",
                    "type": "RoutesReady"
                  }
                ],
                "latest_created_revision_name": "europe-west6-qntfc",
                "latest_ready_revision_name": "europe-west6-qntfc",
                "observed_generation": 7,
                "url": "https://europe-west6-ezn5kimndq-oa.a.run.app"
              }
            ],
            "template": [
              {
                "metadata": [
                  {
                    "annotations": {
                      "autoscaling.knative.dev/maxScale": "3",
                      "run.googleapis.com/launch-stage": "BETA"
                    },
                    "generation": 0,
                    "labels": {},
                    "name": "",
                    "namespace": "",
                    "resource_version": "",
                    "self_link": "",
                    "uid": ""
                  }
                ],
                "spec": [
                  {
                    "container_concurrency": 80,
                    "containers": [
                      {
                        "args": [],
                        "command": [],
                        "env": [
                          {
                            "name": "REGION",
                            "value": "europe-west6"
                          }
                        ],
                        "env_from": [],
                        "image": "gcr.io/gcping/github.com/imjasonh/gcping/cmd/ping@sha256:c2b752ef56d62ef5f5e86ea6cc03e289995a95bee06f0dc30e5cde085df67695",
                        "ports": [
                          {
                            "container_port": 8080,
                            "name": "",
                            "protocol": ""
                          }
                        ],
                        "resources": [
                          {
                            "limits": {
                              "cpu": "1000m",
                              "memory": "256Mi"
                            },
                            "requests": {}
                          }
                        ],
                        "working_dir": ""
                      }
                    ],
                    "service_account_name": "",
                    "serving_state": "",
                    "timeout_seconds": 300
                  }
                ]
              }
            ],
            "timeouts": null,
            "traffic": [
              {
                "latest_revision": true,
                "percent": 100,
                "revision_name": ""
              }
            ]
          },
          "private": "eyJlMmJmYjczMC1lY2FhLTExZTYtOGY4OC0zNDM2M2JjN2M0YzAiOnsiY3JlYXRlIjozNjAwMDAwMDAwMDAsImRlbGV0ZSI6MjQwMDAwMDAwMDAwLCJ1cGRhdGUiOjkwMDAwMDAwMDAwMH0sInNjaGVtYV92ZXJzaW9uIjoiMSJ9",
          "dependencies": [
            "google_project_service.run"
          ]
        },
        {
          "index_key": "northamerica-northeast1",
          "schema_version": 1,
          "attributes": {
            "autogenerate_revision_name": false,
            "id": "locations/northamerica-northeast1/namespaces/gcping/services/northamerica-northeast1",
            "location": "northamerica-northeast1",
            "metadata": [
              {
                "annotations": {
                  "run.googleapis.com/ingress": "all",
                  "run.googleapis.com/ingress-status": "all",
                  "serving.knative.dev/creator": "imjasonh@gmail.com",
                  "serving.knative.dev/lastModifier": "imjasonh@gmail.com"
                },
                "generation": 7,
                "labels": {
                  "cloud.googleapis.com/location": "northamerica-northeast1"
                },
                "namespace": "gcping",
                "resource_version": "AAW48cD//+U",
                "self_link": "/apis/serving.knative.dev/v1/namespaces/555692611324/services/northamerica-northeast1",
                "uid": "f3ac96bd-918d-4280-ba05-8a13216734b4"
              }
            ],
            "name": "northamerica-northeast1",
            "project": "gcping",
            "status": [
              {
                "conditions": [
                  {
                    "message": "",
                    "reason": "",
                    "status": "True",
                    "type": "Ready"
                  },
                  {
                    "message": "",
                    "reason": "",
                    "status": "True",
                    "type": "ConfigurationsReady"
                  },
                  {
                    "message": "",
                    "reason": "",
                    "status": "True",
                    "type": "RoutesReady"
                  }
                ],
                "latest_created_revision_name": "northamerica-northeast1-c9rf8",
                "latest_ready_revision_name": "northamerica-northeast1-c9rf8",
                "observed_generation": 7,
                "url": "https://northamerica-northeast1-ezn5kimndq-nn.a.run.app"
              }
            ],
            "template": [
              {
                "metadata": [
                  {
                    "annotations": {
                      "autoscaling.knative.dev/maxScale": "3",
                      "run.googleapis.com/launch-stage": "BETA"
                    },
                    "generation": 0,
                    "labels": {},
                    "name": "",
                    "namespace": "",
                    "resource_version": "",
                    "self_link": "",
                    "uid": ""
                  }
                ],
                "spec": [
                  {
                    "container_concurrency": 80,
                    "containers": [
                      {
                        "args": [],
                        "command": [],
                        "env": [
                          {
                            "name": "REGION",
                            "value": "northamerica-northeast1"
                          }
                        ],
                        "env_from": [],
                        "image": "gcr.io/gcping/github.com/imjasonh/gcping/cmd/ping@sha256:c2b752ef56d62ef5f5e86ea6cc03e289995a95bee06f0dc30e5cde085df67695",
                        "ports": [
                          {
                            "container_port": 8080,
                            "name": "",
                            "protocol": ""
                          }
                        ],
                        "resources": [
                          {
                            "limits": {
                              "cpu": "1000m",
                              "memory": "256Mi"
                            },
                            "requests": {}
                          }
                        ],
                        "working_dir": ""
                      }
                    ],
                    "service_account_name": "",
                    "serving_state": "",
                    "timeout_seconds": 300
                  }
                ]
              }
            ],
            "timeouts": null,
            "traffic": [
              {
                "latest_revision": true,
                "percent": 100,
                "revision_name": ""
              }
            ]
          },
          "private": "eyJlMmJmYjczMC1lY2FhLTExZTYtOGY4OC0zNDM2M2JjN2M0YzAiOnsiY3JlYXRlIjozNjAwMDAwMDAwMDAsImRlbGV0ZSI6MjQwMDAwMDAwMDAwLCJ1cGRhdGUiOjkwMDAwMDAwMDAwMH0sInNjaGVtYV92ZXJzaW9uIjoiMSJ9",
          "dependencies": [
            "google_project_service.run"
          ]
        },
        {
          "index_key": "southamerica-east1",
          "schema_version": 1,
          "attributes": {
            "autogenerate_revision_name": false,
            "id": "locations/southamerica-east1/namespaces/gcping/services/southamerica-east1",
            "location": "southamerica-east1",
            "metadata": [
              {
                "annotations": {
                  "run.googleapis.com/ingress": "all",
                  "run.googleapis.com/ingress-status": "all",
                  "serving.knative.dev/creator": "imjasonh@gmail.com",
                  "serving.knative.dev/lastModifier": "imjasonh@gmail.com"
                },
                "generation": 7,
                "labels": {
                  "cloud.googleapis.com/location": "southamerica-east1"
                },
                "namespace": "gcping",
                "resource_version": "AAW48cHezQw",
                "self_link": "/apis/serving.knative.dev/v1/namespaces/555692611324/services/southamerica-east1",
                "uid": "1758ad44-56b7-4dda-8963-ead3a0620941"
              }
            ],
            "name": "southamerica-east1",
            "project": "gcping",
            "status": [
              {
                "conditions": [
                  {
                    "message": "",
                    "reason": "",
                    "status": "True",
                    "type": "Ready"
                  },
                  {
                    "message": "",
                    "reason": "",
                    "status": "True",
                    "type": "ConfigurationsReady"
                  },
                  {
                    "message": "",
                    "reason": "",
                    "status": "True",
                    "type": "RoutesReady"
                  }
                ],
                "latest_created_revision_name": "southamerica-east1-j5w7f",
                "latest_ready_revision_name": "southamerica-east1-j5w7f",
                "observed_generation": 7,
                "url": "https://southamerica-east1-ezn5kimndq-rj.a.run.app"
              }
            ],
            "template": [
              {
                "metadata": [
                  {
                    "annotations": {
                      "autoscaling.knative.dev/maxScale": "3",
                      "run.googleapis.com/launch-stage": "BETA"
                    },
                    "generation": 0,
                    "labels": {},
                    "name": "",
                    "namespace": "",
                    "resource_version": "",
                    "self_link": "",
                    "uid": ""
                  }
                ],
                "spec": [
                  {
                    "container_concurrency": 80,
                    "containers": [
                      {
                        "args": [],
                        "command": [],
                        "env": [
                          {
                            "name": "REGION",
                            "value": "southamerica-east1"
                          }
                        ],
                        "env_from": [],
                        "image": "gcr.io/gcping/github.com/imjasonh/gcping/cmd/ping@sha256:c2b752ef56d62ef5f5e86ea6cc03e289995a95bee06f0dc30e5cde085df67695",
                        "ports": [
                          {
                            "container_port": 8080,
                            "name": "",
                            "protocol": ""
                          }
                        ],
                        "resources": [
                          {
                            "limits": {
                              "cpu": "1000m",
                              "memory": "256Mi"
                            },
                            "requests": {}
                          }
                        ],
                        "working_dir": ""
                      }
                    ],
                    "service_account_name": "",
                    "serving_state": "",
                    "timeout_seconds": 300
                  }
                ]
              }
            ],
            "timeouts": null,
            "traffic": [
              {
                "latest_revision": true,
                "percent": 100,
                "revision_name": ""
              }
            ]
          },
          "private": "eyJlMmJmYjczMC1lY2FhLTExZTYtOGY4OC0zNDM2M2JjN2M0YzAiOnsiY3JlYXRlIjozNjAwMDAwMDAwMDAsImRlbGV0ZSI6MjQwMDAwMDAwMDAwLCJ1cGRhdGUiOjkwMDAwMDAwMDAwMH0sInNjaGVtYV92ZXJzaW9uIjoiMSJ9",
          "dependencies": [
            "google_project_service.run"
          ]
        },
        {
          "index_key": "us-central1",
          "schema_version": 1,
          "attributes": {
            "autogenerate_revision_name": false,
            "id": "locations/us-central1/namespaces/gcping/services/us-central1",
            "location": "us-central1",
            "metadata": [
              {
                "annotations": {
                  "run.googleapis.com/ingress": "all",
                  "run.googleapis.com/ingress-status": "all",
                  "serving.knative.dev/creator": "imjasonh@gmail.com",
                  "serving.knative.dev/lastModifier": "imjasonh@gmail.com"
                },
                "generation": 7,
                "labels": {
                  "cloud.googleapis.com/location": "us-central1"
                },
                "namespace": "gcping",
                "resource_version": "AAW48cAN+7c",
                "self_link": "/apis/serving.knative.dev/v1/namespaces/555692611324/services/us-central1",
                "uid": "5f03dd00-e153-47f6-b28f-00e430c80d35"
              }
            ],
            "name": "us-central1",
            "project": "gcping",
            "status": [
              {
                "conditions": [
                  {
                    "message": "",
                    "reason": "",
                    "status": "True",
                    "type": "Ready"
                  },
                  {
                    "message": "",
                    "reason": "",
                    "status": "True",
                    "type": "ConfigurationsReady"
                  },
                  {
                    "message": "",
                    "reason": "",
                    "status": "True",
                    "type": "RoutesReady"
                  }
                ],
                "latest_created_revision_name": "us-central1-fgdsg",
                "latest_ready_revision_name": "us-central1-fgdsg",
                "observed_generation": 7,
                "url": "https://us-central1-ezn5kimndq-uc.a.run.app"
              }
            ],
            "template": [
              {
                "metadata": [
                  {
                    "annotations": {
                      "autoscaling.knative.dev/maxScale": "3",
                      "run.googleapis.com/launch-stage": "BETA"
                    },
                    "generation": 0,
                    "labels": {},
                    "name": "",
                    "namespace": "",
                    "resource_version": "",
                    "self_link": "",
                    "uid": ""
                  }
                ],
                "spec": [
                  {
                    "container_concurrency": 80,
                    "containers": [
                      {
                        "args": [],
                        "command": [],
                        "env": [
                          {
                            "name": "REGION",
                            "value": "us-central1"
                          }
                        ],
                        "env_from": [],
                        "image": "gcr.io/gcping/github.com/imjasonh/gcping/cmd/ping@sha256:c2b752ef56d62ef5f5e86ea6cc03e289995a95bee06f0dc30e5cde085df67695",
                        "ports": [
                          {
                            "container_port": 8080,
                            "name": "",
                            "protocol": ""
                          }
                        ],
                        "resources": [
                          {
                            "limits": {
                              "cpu": "1000m",
                              "memory": "256Mi"
                            },
                            "requests": {}
                          }
                        ],
                        "working_dir": ""
                      }
                    ],
                    "service_account_name": "",
                    "serving_state": "",
                    "timeout_seconds": 300
                  }
                ]
              }
            ],
            "timeouts": null,
            "traffic": [
              {
                "latest_revision": true,
                "percent": 100,
                "revision_name": ""
              }
            ]
          },
          "private": "eyJlMmJmYjczMC1lY2FhLTExZTYtOGY4OC0zNDM2M2JjN2M0YzAiOnsiY3JlYXRlIjozNjAwMDAwMDAwMDAsImRlbGV0ZSI6MjQwMDAwMDAwMDAwLCJ1cGRhdGUiOjkwMDAwMDAwMDAwMH0sInNjaGVtYV92ZXJzaW9uIjoiMSJ9",
          "dependencies": [
            "google_project_service.run"
          ]
        },
        {
          "index_key": "us-east1",
          "schema_version": 1,
          "attributes": {
            "autogenerate_revision_name": false,
            "id": "locations/us-east1/namespaces/gcping/services/us-east1",
            "location": "us-east1",
            "metadata": [
              {
                "annotations": {
                  "run.googleapis.com/ingress": "all",
                  "run.googleapis.com/ingress-status": "all",
                  "serving.knative.dev/creator": "imjasonh@gmail.com",
                  "serving.knative.dev/lastModifier": "imjasonh@gmail.com"
                },
                "generation": 7,
                "labels": {
                  "cloud.googleapis.com/location": "us-east1"
                },
                "namespace": "gcping",
                "resource_version": "AAW48b/a//o",
                "self_link": "/apis/serving.knative.dev/v1/namespaces/555692611324/services/us-east1",
                "uid": "cc998288-5d83-41c3-bde2-959d63629b93"
              }
            ],
            "name": "us-east1",
            "project": "gcping",
            "status": [
              {
                "conditions": [
                  {
                    "message": "",
                    "reason": "",
                    "status": "True",
                    "type": "Ready"
                  },
                  {
                    "message": "",
                    "reason": "",
                    "status": "True",
                    "type": "ConfigurationsReady"
                  },
                  {
                    "message": "",
                    "reason": "",
                    "status": "True",
                    "type": "RoutesReady"
                  }
                ],
                "latest_created_revision_name": "us-east1-tlc9f",
                "latest_ready_revision_name": "us-east1-tlc9f",
                "observed_generation": 7,
                "url": "https://us-east1-ezn5kimndq-ue.a.run.app"
              }
            ],
            "template": [
              {
                "metadata": [
                  {
                    "annotations": {
                      "autoscaling.knative.dev/maxScale": "3",
                      "run.googleapis.com/launch-stage": "BETA"
                    },
                    "generation": 0,
                    "labels": {},
                    "name": "",
                    "namespace": "",
                    "resource_version": "",
                    "self_link": "",
                    "uid": ""
                  }
                ],
                "spec": [
                  {
                    "container_concurrency": 80,
                    "containers": [
                      {
                        "args": [],
                        "command": [],
                        "env": [
                          {
                            "name": "REGION",
                            "value": "us-east1"
                          }
                        ],
                        "env_from": [],
                        "image": "gcr.io/gcping/github.com/imjasonh/gcping/cmd/ping@sha256:c2b752ef56d62ef5f5e86ea6cc03e289995a95bee06f0dc30e5cde085df67695",
                        "ports": [
                          {
                            "container_port": 8080,
                            "name": "",
                            "protocol": ""
                          }
                        ],
                        "resources": [
                          {
                            "limits": {
                              "cpu": "1000m",
                              "memory": "256Mi"
                            },
                            "requests": {}
                          }
                        ],
                        "working_dir": ""
                      }
                    ],
                    "service_account_name": "",
                    "serving_state": "",
                    "timeout_seconds": 300
                  }
                ]
              }
            ],
            "timeouts": null,
            "traffic": [
              {
                "latest_revision": true,
                "percent": 100,
                "revision_name": ""
              }
            ]
          },
          "private": "eyJlMmJmYjczMC1lY2FhLTExZTYtOGY4OC0zNDM2M2JjN2M0YzAiOnsiY3JlYXRlIjozNjAwMDAwMDAwMDAsImRlbGV0ZSI6MjQwMDAwMDAwMDAwLCJ1cGRhdGUiOjkwMDAwMDAwMDAwMH0sInNjaGVtYV92ZXJzaW9uIjoiMSJ9",
          "dependencies": [
            "google_project_service.run"
          ]
        },
        {
          "index_key": "us-east4",
          "schema_version": 1,
          "attributes": {
            "autogenerate_revision_name": false,
            "id": "locations/us-east4/namespaces/gcping/services/us-east4",
            "location": "us-east4",
            "metadata": [
              {
                "annotations": {
                  "run.googleapis.com/ingress": "all",
                  "run.googleapis.com/ingress-status": "all",
                  "serving.knative.dev/creator": "imjasonh@gmail.com",
                  "serving.knative.dev/lastModifier": "imjasonh@gmail.com"
                },
                "generation": 7,
                "labels": {
                  "cloud.googleapis.com/location": "us-east4"
                },
                "namespace": "gcping",
                "resource_version": "AAW48cDa2Ao",
                "self_link": "/apis/serving.knative.dev/v1/namespaces/555692611324/services/us-east4",
                "uid": "6ab5361e-54e7-49d2-8663-4100df4f4006"
              }
            ],
            "name": "us-east4",
            "project": "gcping",
            "status": [
              {
                "conditions": [
                  {
                    "message": "",
                    "reason": "",
                    "status": "True",
                    "type": "Ready"
                  },
                  {
                    "message": "",
                    "reason": "",
                    "status": "True",
                    "type": "ConfigurationsReady"
                  },
                  {
                    "message": "",
                    "reason": "",
                    "status": "True",
                    "type": "RoutesReady"
                  }
                ],
                "latest_created_revision_name": "us-east4-t964v",
                "latest_ready_revision_name": "us-east4-t964v",
                "observed_generation": 7,
                "url": "https://us-east4-ezn5kimndq-uk.a.run.app"
              }
            ],
            "template": [
              {
                "metadata": [
                  {
                    "annotations": {
                      "autoscaling.knative.dev/maxScale": "3",
                      "run.googleapis.com/launch-stage": "BETA"
                    },
                    "generation": 0,
                    "labels": {},
                    "name": "",
                    "namespace": "",
                    "resource_version": "",
                    "self_link": "",
                    "uid": ""
                  }
                ],
                "spec": [
                  {
                    "container_concurrency": 80,
                    "containers": [
                      {
                        "args": [],
                        "command": [],
                        "env": [
                          {
                            "name": "REGION",
                            "value": "us-east4"
                          }
                        ],
                        "env_from": [],
                        "image": "gcr.io/gcping/github.com/imjasonh/gcping/cmd/ping@sha256:c2b752ef56d62ef5f5e86ea6cc03e289995a95bee06f0dc30e5cde085df67695",
                        "ports": [
                          {
                            "container_port": 8080,
                            "name": "",
                            "protocol": ""
                          }
                        ],
                        "resources": [
                          {
                            "limits": {
                              "cpu": "1000m",
                              "memory": "256Mi"
                            },
                            "requests": {}
                          }
                        ],
                        "working_dir": ""
                      }
                    ],
                    "service_account_name": "",
                    "serving_state": "",
                    "timeout_seconds": 300
                  }
                ]
              }
            ],
            "timeouts": null,
            "traffic": [
              {
                "latest_revision": true,
                "percent": 100,
                "revision_name": ""
              }
            ]
          },
          "private": "eyJlMmJmYjczMC1lY2FhLTExZTYtOGY4OC0zNDM2M2JjN2M0YzAiOnsiY3JlYXRlIjozNjAwMDAwMDAwMDAsImRlbGV0ZSI6MjQwMDAwMDAwMDAwLCJ1cGRhdGUiOjkwMDAwMDAwMDAwMH0sInNjaGVtYV92ZXJzaW9uIjoiMSJ9",
          "dependencies": [
            "google_project_service.run"
          ]
        },
        {
          "index_key": "us-west1",
          "schema_version": 1,
          "attributes": {
            "autogenerate_revision_name": false,
            "id": "locations/us-west1/namespaces/gcping/services/us-west1",
            "location": "us-west1",
            "metadata": [
              {
                "annotations": {
                  "run.googleapis.com/ingress": "all",
                  "run.googleapis.com/ingress-status": "all",
                  "serving.knative.dev/creator": "imjasonh@gmail.com",
                  "serving.knative.dev/lastModifier": "imjasonh@gmail.com"
                },
                "generation": 7,
                "labels": {
                  "cloud.googleapis.com/location": "us-west1"
                },
                "namespace": "gcping",
                "resource_version": "AAW48cFKXVw",
                "self_link": "/apis/serving.knative.dev/v1/namespaces/555692611324/services/us-west1",
                "uid": "0765a28e-a895-4508-9f71-07d669b24036"
              }
            ],
            "name": "us-west1",
            "project": "gcping",
            "status": [
              {
                "conditions": [
                  {
                    "message": "",
                    "reason": "",
                    "status": "True",
                    "type": "Ready"
                  },
                  {
                    "message": "",
                    "reason": "",
                    "status": "True",
                    "type": "ConfigurationsReady"
                  },
                  {
                    "message": "",
                    "reason": "",
                    "status": "True",
                    "type": "RoutesReady"
                  }
                ],
                "latest_created_revision_name": "us-west1-c486v",
                "latest_ready_revision_name": "us-west1-c486v",
                "observed_generation": 7,
                "url": "https://us-west1-ezn5kimndq-uw.a.run.app"
              }
            ],
            "template": [
              {
                "metadata": [
                  {
                    "annotations": {
                      "autoscaling.knative.dev/maxScale": "3",
                      "run.googleapis.com/launch-stage": "BETA"
                    },
                    "generation": 0,
                    "labels": {},
                    "name": "",
                    "namespace": "",
                    "resource_version": "",
                    "self_link": "",
                    "uid": ""
                  }
                ],
                "spec": [
                  {
                    "container_concurrency": 80,
                    "containers": [
                      {
                        "args": [],
                        "command": [],
                        "env": [
                          {
                            "name": "REGION",
                            "value": "us-west1"
                          }
                        ],
                        "env_from": [],
                        "image": "gcr.io/gcping/github.com/imjasonh/gcping/cmd/ping@sha256:c2b752ef56d62ef5f5e86ea6cc03e289995a95bee06f0dc30e5cde085df67695",
                        "ports": [
                          {
                            "container_port": 8080,
                            "name": "",
                            "protocol": ""
                          }
                        ],
                        "resources": [
                          {
                            "limits": {
                              "cpu": "1000m",
                              "memory": "256Mi"
                            },
                            "requests": {}
                          }
                        ],
                        "working_dir": ""
                      }
                    ],
                    "service_account_name": "",
                    "serving_state": "",
                    "timeout_seconds": 300
                  }
                ]
              }
            ],
            "timeouts": null,
            "traffic": [
              {
                "latest_revision": true,
                "percent": 100,
                "revision_name": ""
              }
            ]
          },
          "private": "eyJlMmJmYjczMC1lY2FhLTExZTYtOGY4OC0zNDM2M2JjN2M0YzAiOnsiY3JlYXRlIjozNjAwMDAwMDAwMDAsImRlbGV0ZSI6MjQwMDAwMDAwMDAwLCJ1cGRhdGUiOjkwMDAwMDAwMDAwMH0sInNjaGVtYV92ZXJzaW9uIjoiMSJ9",
          "dependencies": [
            "google_project_service.run"
          ]
        }
      ]
    },
    {
      "mode": "managed",
      "type": "google_cloud_run_service_iam_member",
      "name": "allUsers",
      "provider": "provider[\"registry.terraform.io/hashicorp/google\"]",
      "instances": [
        {
          "index_key": "asia-east1",
          "schema_version": 0,
          "attributes": {
            "condition": [],
            "etag": "BwW20bXdY90=",
            "id": "v1/projects/gcping/locations/asia-east1/services/asia-east1/roles/run.invoker/allusers",
            "location": "asia-east1",
            "member": "allUsers",
            "project": "gcping",
            "role": "roles/run.invoker",
            "service": "v1/projects/gcping/locations/asia-east1/services/asia-east1"
          },
          "private": "bnVsbA==",
          "dependencies": [
            "google_cloud_run_service.regions",
            "google_project_service.run"
          ]
        },
        {
          "index_key": "asia-east2",
          "schema_version": 0,
          "attributes": {
            "condition": [],
            "etag": "BwW20bXiHfQ=",
            "id": "v1/projects/gcping/locations/asia-east2/services/asia-east2/roles/run.invoker/allusers",
            "location": "asia-east2",
            "member": "allUsers",
            "project": "gcping",
            "role": "roles/run.invoker",
            "service": "v1/projects/gcping/locations/asia-east2/services/asia-east2"
          },
          "private": "bnVsbA==",
          "dependencies": [
            "google_cloud_run_service.regions",
            "google_project_service.run"
          ]
        },
        {
          "index_key": "asia-northeast1",
          "schema_version": 0,
          "attributes": {
            "condition": [],
            "etag": "BwW20ba3rLQ=",
            "id": "v1/projects/gcping/locations/asia-northeast1/services/asia-northeast1/roles/run.invoker/allusers",
            "location": "asia-northeast1",
            "member": "allUsers",
            "project": "gcping",
            "role": "roles/run.invoker",
            "service": "v1/projects/gcping/locations/asia-northeast1/services/asia-northeast1"
          },
          "private": "bnVsbA==",
          "dependencies": [
            "google_cloud_run_service.regions",
            "google_project_service.run"
          ]
        },
        {
          "index_key": "asia-northeast2",
          "schema_version": 0,
          "attributes": {
            "condition": [],
            "etag": "BwW20bahCAY=",
            "id": "v1/projects/gcping/locations/asia-northeast2/services/asia-northeast2/roles/run.invoker/allusers",
            "location": "asia-northeast2",
            "member": "allUsers",
            "project": "gcping",
            "role": "roles/run.invoker",
            "service": "v1/projects/gcping/locations/asia-northeast2/services/asia-northeast2"
          },
          "private": "bnVsbA==",
          "dependencies": [
            "google_cloud_run_service.regions",
            "google_project_service.run"
          ]
        },
        {
          "index_key": "asia-northeast3",
          "schema_version": 0,
          "attributes": {
            "condition": [],
            "etag": "BwW20bbPxXs=",
            "id": "v1/projects/gcping/locations/asia-northeast3/services/asia-northeast3/roles/run.invoker/allusers",
            "location": "asia-northeast3",
            "member": "allUsers",
            "project": "gcping",
            "role": "roles/run.invoker",
            "service": "v1/projects/gcping/locations/asia-northeast3/services/asia-northeast3"
          },
          "private": "bnVsbA==",
          "dependencies": [
            "google_cloud_run_service.regions",
            "google_project_service.run"
          ]
        },
        {
          "index_key": "asia-south1",
          "schema_version": 0,
          "attributes": {
            "condition": [],
            "etag": "BwW20bX6eIo=",
            "id": "v1/projects/gcping/locations/asia-south1/services/asia-south1/roles/run.invoker/allusers",
            "location": "asia-south1",
            "member": "allUsers",
            "project": "gcping",
            "role": "roles/run.invoker",
            "service": "v1/projects/gcping/locations/asia-south1/services/asia-south1"
          },
          "private": "bnVsbA==",
          "dependencies": [
            "google_cloud_run_service.regions",
            "google_project_service.run"
          ]
        },
        {
          "index_key": "asia-southeast1",
          "schema_version": 0,
          "attributes": {
            "condition": [],
            "etag": "BwW20bZrXhg=",
            "id": "v1/projects/gcping/locations/asia-southeast1/services/asia-southeast1/roles/run.invoker/allusers",
            "location": "asia-southeast1",
            "member": "allUsers",
            "project": "gcping",
            "role": "roles/run.invoker",
            "service": "v1/projects/gcping/locations/asia-southeast1/services/asia-southeast1"
          },
          "private": "bnVsbA==",
          "dependencies": [
            "google_cloud_run_service.regions",
            "google_project_service.run"
          ]
        },
        {
          "index_key": "asia-southeast2",
          "schema_version": 0,
          "attributes": {
            "condition": [],
            "etag": "BwW20bXn+yk=",
            "id": "v1/projects/gcping/locations/asia-southeast2/services/asia-southeast2/roles/run.invoker/allusers",
            "location": "asia-southeast2",
            "member": "allUsers",
            "project": "gcping",
            "role": "roles/run.invoker",
            "service": "v1/projects/gcping/locations/asia-southeast2/services/asia-southeast2"
          },
          "private": "bnVsbA==",
          "dependencies": [
            "google_cloud_run_service.regions",
            "google_project_service.run"
          ]
        },
        {
          "index_key": "australia-southeast1",
          "schema_version": 0,
          "attributes": {
            "condition": [],
            "etag": "BwW20bXmoz4=",
            "id": "v1/projects/gcping/locations/australia-southeast1/services/australia-southeast1/roles/run.invoker/allusers",
            "location": "australia-southeast1",
            "member": "allUsers",
            "project": "gcping",
            "role": "roles/run.invoker",
            "service": "v1/projects/gcping/locations/australia-southeast1/services/australia-southeast1"
          },
          "private": "bnVsbA==",
          "dependencies": [
            "google_cloud_run_service.regions",
            "google_project_service.run"
          ]
        },
        {
          "index_key": "europe-north1",
          "schema_version": 0,
          "attributes": {
            "condition": [],
            "etag": "BwW20bXS95o=",
            "id": "v1/projects/gcping/locations/europe-north1/services/europe-north1/roles/run.invoker/allusers",
            "location": "europe-north1",
            "member": "allUsers",
            "project": "gcping",
            "role": "roles/run.invoker",
            "service": "v1/projects/gcping/locations/europe-north1/services/europe-north1"
          },
          "private": "bnVsbA==",
          "dependencies": [
            "google_cloud_run_service.regions",
            "google_project_service.run"
          ]
        },
        {
          "index_key": "europe-west1",
          "schema_version": 0,
          "attributes": {
            "condition": [],
            "etag": "BwW20bXSi40=",
            "id": "v1/projects/gcping/locations/europe-west1/services/europe-west1/roles/run.invoker/allusers",
            "location": "europe-west1",
            "member": "allUsers",
            "project": "gcping",
            "role": "roles/run.invoker",
            "service": "v1/projects/gcping/locations/europe-west1/services/europe-west1"
          },
          "private": "bnVsbA==",
          "dependencies": [
            "google_cloud_run_service.regions",
            "google_project_service.run"
          ]
        },
        {
          "index_key": "europe-west2",
          "schema_version": 0,
          "attributes": {
            "condition": [],
            "etag": "BwW20bZR8/I=",
            "id": "v1/projects/gcping/locations/europe-west2/services/europe-west2/roles/run.invoker/allusers",
            "location": "europe-west2",
            "member": "allUsers",
            "project": "gcping",
            "role": "roles/run.invoker",
            "service": "v1/projects/gcping/locations/europe-west2/services/europe-west2"
          },
          "private": "bnVsbA==",
          "dependencies": [
            "google_cloud_run_service.regions",
            "google_project_service.run"
          ]
        },
        {
          "index_key": "europe-west3",
          "schema_version": 0,
          "attributes": {
            "condition": [],
            "etag": "BwW20bXPurw=",
            "id": "v1/projects/gcping/locations/europe-west3/services/europe-west3/roles/run.invoker/allusers",
            "location": "europe-west3",
            "member": "allUsers",
            "project": "gcping",
            "role": "roles/run.invoker",
            "service": "v1/projects/gcping/locations/europe-west3/services/europe-west3"
          },
          "private": "bnVsbA==",
          "dependencies": [
            "google_cloud_run_service.regions",
            "google_project_service.run"
          ]
        },
        {
          "index_key": "europe-west4",
          "schema_version": 0,
          "attributes": {
            "condition": [],
            "etag": "BwW20bYxNPg=",
            "id": "v1/projects/gcping/locations/europe-west4/services/europe-west4/roles/run.invoker/allusers",
            "location": "europe-west4",
            "member": "allUsers",
            "project": "gcping",
            "role": "roles/run.invoker",
            "service": "v1/projects/gcping/locations/europe-west4/services/europe-west4"
          },
          "private": "bnVsbA==",
          "dependencies": [
            "google_cloud_run_service.regions",
            "google_project_service.run"
          ]
        },
        {
          "index_key": "europe-west6",
          "schema_version": 0,
          "attributes": {
            "condition": [],
            "etag": "BwW20ba0UkA=",
            "id": "v1/projects/gcping/locations/europe-west6/services/europe-west6/roles/run.invoker/allusers",
            "location": "europe-west6",
            "member": "allUsers",
            "project": "gcping",
            "role": "roles/run.invoker",
            "service": "v1/projects/gcping/locations/europe-west6/services/europe-west6"
          },
          "private": "bnVsbA==",
          "dependencies": [
            "google_cloud_run_service.regions",
            "google_project_service.run"
          ]
        },
        {
          "index_key": "northamerica-northeast1",
          "schema_version": 0,
          "attributes": {
            "condition": [],
            "etag": "BwW20bZ3y4w=",
            "id": "v1/projects/gcping/locations/northamerica-northeast1/services/northamerica-northeast1/roles/run.invoker/allusers",
            "location": "northamerica-northeast1",
            "member": "allUsers",
            "project": "gcping",
            "role": "roles/run.invoker",
            "service": "v1/projects/gcping/locations/northamerica-northeast1/services/northamerica-northeast1"
          },
          "private": "bnVsbA==",
          "dependencies": [
            "google_cloud_run_service.regions",
            "google_project_service.run"
          ]
        },
        {
          "index_key": "southamerica-east1",
          "schema_version": 0,
          "attributes": {
            "condition": [],
            "etag": "BwW20bY6L3Y=",
            "id": "v1/projects/gcping/locations/southamerica-east1/services/southamerica-east1/roles/run.invoker/allusers",
            "location": "southamerica-east1",
            "member": "allUsers",
            "project": "gcping",
            "role": "roles/run.invoker",
            "service": "v1/projects/gcping/locations/southamerica-east1/services/southamerica-east1"
          },
          "private": "bnVsbA==",
          "dependencies": [
            "google_cloud_run_service.regions",
            "google_project_service.run"
          ]
        },
        {
          "index_key": "us-central1",
          "schema_version": 0,
          "attributes": {
            "condition": [],
            "etag": "BwW20bXCFhE=",
            "id": "v1/projects/gcping/locations/us-central1/services/us-central1/roles/run.invoker/allusers",
            "location": "us-central1",
            "member": "allUsers",
            "project": "gcping",
            "role": "roles/run.invoker",
            "service": "v1/projects/gcping/locations/us-central1/services/us-central1"
          },
          "private": "bnVsbA==",
          "dependencies": [
            "google_cloud_run_service.regions",
            "google_project_service.run"
          ]
        },
        {
          "index_key": "us-east1",
          "schema_version": 0,
          "attributes": {
            "condition": [],
            "etag": "BwW20baWTiM=",
            "id": "v1/projects/gcping/locations/us-east1/services/us-east1/roles/run.invoker/allusers",
            "location": "us-east1",
            "member": "allUsers",
            "project": "gcping",
            "role": "roles/run.invoker",
            "service": "v1/projects/gcping/locations/us-east1/services/us-east1"
          },
          "private": "bnVsbA==",
          "dependencies": [
            "google_cloud_run_service.regions",
            "google_project_service.run"
          ]
        },
        {
          "index_key": "us-east4",
          "schema_version": 0,
          "attributes": {
            "condition": [],
            "etag": "BwW20bZQDzg=",
            "id": "v1/projects/gcping/locations/us-east4/services/us-east4/roles/run.invoker/allusers",
            "location": "us-east4",
            "member": "allUsers",
            "project": "gcping",
            "role": "roles/run.invoker",
            "service": "v1/projects/gcping/locations/us-east4/services/us-east4"
          },
          "private": "bnVsbA==",
          "dependencies": [
            "google_cloud_run_service.regions",
            "google_project_service.run"
          ]
        },
        {
          "index_key": "us-west1",
          "schema_version": 0,
          "attributes": {
            "condition": [],
            "etag": "BwW20bXFCFE=",
            "id": "v1/projects/gcping/locations/us-west1/services/us-west1/roles/run.invoker/allusers",
            "location": "us-west1",
            "member": "allUsers",
            "project": "gcping",
            "role": "roles/run.invoker",
            "service": "v1/projects/gcping/locations/us-west1/services/us-west1"
          },
          "private": "bnVsbA==",
          "dependencies": [
            "google_cloud_run_service.regions",
            "google_project_service.run"
          ]
        }
      ]
    },
    {
      "mode": "managed",
      "type": "google_compute_backend_service",
      "name": "global",
      "provider": "provider[\"registry.terraform.io/hashicorp/google\"]",
      "instances": [
        {
          "schema_version": 1,
          "attributes": {
            "affinity_cookie_ttl_sec": 0,
            "backend": [
              {
                "balancing_mode": "UTILIZATION",
                "capacity_scaler": 1,
                "description": "",
                "group": "https://www.googleapis.com/compute/v1/projects/gcping/regions/asia-east1/networkEndpointGroups/asia-east1",
                "max_connections": 0,
                "max_connections_per_endpoint": 0,
                "max_connections_per_instance": 0,
                "max_rate": 0,
                "max_rate_per_endpoint": 0,
                "max_rate_per_instance": 0,
                "max_utilization": 0
              },
              {
                "balancing_mode": "UTILIZATION",
                "capacity_scaler": 1,
                "description": "",
                "group": "https://www.googleapis.com/compute/v1/projects/gcping/regions/asia-east2/networkEndpointGroups/asia-east2",
                "max_connections": 0,
                "max_connections_per_endpoint": 0,
                "max_connections_per_instance": 0,
                "max_rate": 0,
                "max_rate_per_endpoint": 0,
                "max_rate_per_instance": 0,
                "max_utilization": 0
              },
              {
                "balancing_mode": "UTILIZATION",
                "capacity_scaler": 1,
                "description": "",
                "group": "https://www.googleapis.com/compute/v1/projects/gcping/regions/asia-northeast1/networkEndpointGroups/asia-northeast1",
                "max_connections": 0,
                "max_connections_per_endpoint": 0,
                "max_connections_per_instance": 0,
                "max_rate": 0,
                "max_rate_per_endpoint": 0,
                "max_rate_per_instance": 0,
                "max_utilization": 0
              },
              {
                "balancing_mode": "UTILIZATION",
                "capacity_scaler": 1,
                "description": "",
                "group": "https://www.googleapis.com/compute/v1/projects/gcping/regions/asia-northeast2/networkEndpointGroups/asia-northeast2",
                "max_connections": 0,
                "max_connections_per_endpoint": 0,
                "max_connections_per_instance": 0,
                "max_rate": 0,
                "max_rate_per_endpoint": 0,
                "max_rate_per_instance": 0,
                "max_utilization": 0
              },
              {
                "balancing_mode": "UTILIZATION",
                "capacity_scaler": 1,
                "description": "",
                "group": "https://www.googleapis.com/compute/v1/projects/gcping/regions/asia-northeast3/networkEndpointGroups/asia-northeast3",
                "max_connections": 0,
                "max_connections_per_endpoint": 0,
                "max_connections_per_instance": 0,
                "max_rate": 0,
                "max_rate_per_endpoint": 0,
                "max_rate_per_instance": 0,
                "max_utilization": 0
              },
              {
                "balancing_mode": "UTILIZATION",
                "capacity_scaler": 1,
                "description": "",
                "group": "https://www.googleapis.com/compute/v1/projects/gcping/regions/asia-south1/networkEndpointGroups/asia-south1",
                "max_connections": 0,
                "max_connections_per_endpoint": 0,
                "max_connections_per_instance": 0,
                "max_rate": 0,
                "max_rate_per_endpoint": 0,
                "max_rate_per_instance": 0,
                "max_utilization": 0
              },
              {
                "balancing_mode": "UTILIZATION",
                "capacity_scaler": 1,
                "description": "",
                "group": "https://www.googleapis.com/compute/v1/projects/gcping/regions/asia-southeast1/networkEndpointGroups/asia-southeast1",
                "max_connections": 0,
                "max_connections_per_endpoint": 0,
                "max_connections_per_instance": 0,
                "max_rate": 0,
                "max_rate_per_endpoint": 0,
                "max_rate_per_instance": 0,
                "max_utilization": 0
              },
              {
                "balancing_mode": "UTILIZATION",
                "capacity_scaler": 1,
                "description": "",
                "group": "https://www.googleapis.com/compute/v1/projects/gcping/regions/asia-southeast2/networkEndpointGroups/asia-southeast2",
                "max_connections": 0,
                "max_connections_per_endpoint": 0,
                "max_connections_per_instance": 0,
                "max_rate": 0,
                "max_rate_per_endpoint": 0,
                "max_rate_per_instance": 0,
                "max_utilization": 0
              },
              {
                "balancing_mode": "UTILIZATION",
                "capacity_scaler": 1,
                "description": "",
                "group": "https://www.googleapis.com/compute/v1/projects/gcping/regions/australia-southeast1/networkEndpointGroups/australia-southeast1",
                "max_connections": 0,
                "max_connections_per_endpoint": 0,
                "max_connections_per_instance": 0,
                "max_rate": 0,
                "max_rate_per_endpoint": 0,
                "max_rate_per_instance": 0,
                "max_utilization": 0
              },
              {
                "balancing_mode": "UTILIZATION",
                "capacity_scaler": 1,
                "description": "",
                "group": "https://www.googleapis.com/compute/v1/projects/gcping/regions/europe-north1/networkEndpointGroups/europe-north1",
                "max_connections": 0,
                "max_connections_per_endpoint": 0,
                "max_connections_per_instance": 0,
                "max_rate": 0,
                "max_rate_per_endpoint": 0,
                "max_rate_per_instance": 0,
                "max_utilization": 0
              },
              {
                "balancing_mode": "UTILIZATION",
                "capacity_scaler": 1,
                "description": "",
                "group": "https://www.googleapis.com/compute/v1/projects/gcping/regions/europe-west1/networkEndpointGroups/europe-west1",
                "max_connections": 0,
                "max_connections_per_endpoint": 0,
                "max_connections_per_instance": 0,
                "max_rate": 0,
                "max_rate_per_endpoint": 0,
                "max_rate_per_instance": 0,
                "max_utilization": 0
              },
              {
                "balancing_mode": "UTILIZATION",
                "capacity_scaler": 1,
                "description": "",
                "group": "https://www.googleapis.com/compute/v1/projects/gcping/regions/europe-west2/networkEndpointGroups/europe-west2",
                "max_connections": 0,
                "max_connections_per_endpoint": 0,
                "max_connections_per_instance": 0,
                "max_rate": 0,
                "max_rate_per_endpoint": 0,
                "max_rate_per_instance": 0,
                "max_utilization": 0
              },
              {
                "balancing_mode": "UTILIZATION",
                "capacity_scaler": 1,
                "description": "",
                "group": "https://www.googleapis.com/compute/v1/projects/gcping/regions/europe-west3/networkEndpointGroups/europe-west3",
                "max_connections": 0,
                "max_connections_per_endpoint": 0,
                "max_connections_per_instance": 0,
                "max_rate": 0,
                "max_rate_per_endpoint": 0,
                "max_rate_per_instance": 0,
                "max_utilization": 0
              },
              {
                "balancing_mode": "UTILIZATION",
                "capacity_scaler": 1,
                "description": "",
                "group": "https://www.googleapis.com/compute/v1/projects/gcping/regions/europe-west4/networkEndpointGroups/europe-west4",
                "max_connections": 0,
                "max_connections_per_endpoint": 0,
                "max_connections_per_instance": 0,
                "max_rate": 0,
                "max_rate_per_endpoint": 0,
                "max_rate_per_instance": 0,
                "max_utilization": 0
              },
              {
                "balancing_mode": "UTILIZATION",
                "capacity_scaler": 1,
                "description": "",
                "group": "https://www.googleapis.com/compute/v1/projects/gcping/regions/europe-west6/networkEndpointGroups/europe-west6",
                "max_connections": 0,
                "max_connections_per_endpoint": 0,
                "max_connections_per_instance": 0,
                "max_rate": 0,
                "max_rate_per_endpoint": 0,
                "max_rate_per_instance": 0,
                "max_utilization": 0
              },
              {
                "balancing_mode": "UTILIZATION",
                "capacity_scaler": 1,
                "description": "",
                "group": "https://www.googleapis.com/compute/v1/projects/gcping/regions/northamerica-northeast1/networkEndpointGroups/northamerica-northeast1",
                "max_connections": 0,
                "max_connections_per_endpoint": 0,
                "max_connections_per_instance": 0,
                "max_rate": 0,
                "max_rate_per_endpoint": 0,
                "max_rate_per_instance": 0,
                "max_utilization": 0
              },
              {
                "balancing_mode": "UTILIZATION",
                "capacity_scaler": 1,
                "description": "",
                "group": "https://www.googleapis.com/compute/v1/projects/gcping/regions/southamerica-east1/networkEndpointGroups/southamerica-east1",
                "max_connections": 0,
                "max_connections_per_endpoint": 0,
                "max_connections_per_instance": 0,
                "max_rate": 0,
                "max_rate_per_endpoint": 0,
                "max_rate_per_instance": 0,
                "max_utilization": 0
              },
              {
                "balancing_mode": "UTILIZATION",
                "capacity_scaler": 1,
                "description": "",
                "group": "https://www.googleapis.com/compute/v1/projects/gcping/regions/us-central1/networkEndpointGroups/us-central1",
                "max_connections": 0,
                "max_connections_per_endpoint": 0,
                "max_connections_per_instance": 0,
                "max_rate": 0,
                "max_rate_per_endpoint": 0,
                "max_rate_per_instance": 0,
                "max_utilization": 0
              },
              {
                "balancing_mode": "UTILIZATION",
                "capacity_scaler": 1,
                "description": "",
                "group": "https://www.googleapis.com/compute/v1/projects/gcping/regions/us-east1/networkEndpointGroups/us-east1",
                "max_connections": 0,
                "max_connections_per_endpoint": 0,
                "max_connections_per_instance": 0,
                "max_rate": 0,
                "max_rate_per_endpoint": 0,
                "max_rate_per_instance": 0,
                "max_utilization": 0
              },
              {
                "balancing_mode": "UTILIZATION",
                "capacity_scaler": 1,
                "description": "",
                "group": "https://www.googleapis.com/compute/v1/projects/gcping/regions/us-east4/networkEndpointGroups/us-east4",
                "max_connections": 0,
                "max_connections_per_endpoint": 0,
                "max_connections_per_instance": 0,
                "max_rate": 0,
                "max_rate_per_endpoint": 0,
                "max_rate_per_instance": 0,
                "max_utilization": 0
              },
              {
                "balancing_mode": "UTILIZATION",
                "capacity_scaler": 1,
                "description": "",
                "group": "https://www.googleapis.com/compute/v1/projects/gcping/regions/us-west1/networkEndpointGroups/us-west1",
                "max_connections": 0,
                "max_connections_per_endpoint": 0,
                "max_connections_per_instance": 0,
                "max_rate": 0,
                "max_rate_per_endpoint": 0,
                "max_rate_per_instance": 0,
                "max_utilization": 0
              }
            ],
            "cdn_policy": [
              {
                "cache_key_policy": [],
                "signed_url_cache_max_age_sec": 0
              }
            ],
            "circuit_breakers": [],
            "connection_draining_timeout_sec": 300,
            "consistent_hash": [],
            "creation_timestamp": "2020-12-19T06:08:28.373-08:00",
            "custom_request_headers": [],
            "description": "",
            "enable_cdn": true,
            "fingerprint": "6lJjm9DYQDQ=",
            "health_checks": [],
            "iap": [],
            "id": "projects/gcping/global/backendServices/global",
            "load_balancing_scheme": "EXTERNAL",
            "locality_lb_policy": "",
            "log_config": [],
            "name": "global",
            "outlier_detection": [],
            "port_name": "http",
            "project": "gcping",
            "protocol": "HTTP",
            "security_policy": "",
            "self_link": "https://www.googleapis.com/compute/v1/projects/gcping/global/backendServices/global",
            "session_affinity": "NONE",
            "timeout_sec": 30,
            "timeouts": null
          },
          "private": "eyJlMmJmYjczMC1lY2FhLTExZTYtOGY4OC0zNDM2M2JjN2M0YzAiOnsiY3JlYXRlIjoyNDAwMDAwMDAwMDAsImRlbGV0ZSI6MjQwMDAwMDAwMDAwLCJ1cGRhdGUiOjI0MDAwMDAwMDAwMH0sInNjaGVtYV92ZXJzaW9uIjoiMSJ9",
          "dependencies": [
            "google_cloud_run_service.regions",
            "google_compute_region_network_endpoint_group.regions",
            "google_project_service.compute"
          ]
        }
      ]
    },
    {
      "mode": "managed",
      "type": "google_compute_global_address",
      "name": "global",
      "provider": "provider[\"registry.terraform.io/hashicorp/google\"]",
      "instances": [
        {
          "schema_version": 0,
          "attributes": {
            "address": "35.244.234.69",
            "address_type": "EXTERNAL",
            "creation_timestamp": "2020-12-19T06:07:49.629-08:00",
            "description": "",
            "id": "projects/gcping/global/addresses/address",
            "ip_version": "",
            "name": "address",
            "network": "",
            "prefix_length": 0,
            "project": "gcping",
            "purpose": "",
            "self_link": "https://www.googleapis.com/compute/v1/projects/gcping/global/addresses/address",
            "timeouts": null
          },
          "private": "eyJlMmJmYjczMC1lY2FhLTExZTYtOGY4OC0zNDM2M2JjN2M0YzAiOnsiY3JlYXRlIjoyNDAwMDAwMDAwMDAsImRlbGV0ZSI6MjQwMDAwMDAwMDAwfX0="
        }
      ]
    },
    {
      "mode": "managed",
      "type": "google_compute_global_forwarding_rule",
      "name": "global",
      "provider": "provider[\"registry.terraform.io/hashicorp/google\"]",
      "instances": [
        {
          "schema_version": 0,
          "attributes": {
            "description": "",
            "id": "projects/gcping/global/forwardingRules/global",
            "ip_address": "35.244.234.69",
            "ip_protocol": "TCP",
            "ip_version": "",
            "load_balancing_scheme": "EXTERNAL",
            "metadata_filters": [],
            "name": "global",
            "port_range": "443-443",
            "project": "gcping",
            "self_link": "https://www.googleapis.com/compute/v1/projects/gcping/global/forwardingRules/global",
            "target": "https://www.googleapis.com/compute/v1/projects/gcping/global/targetHttpsProxies/global",
            "timeouts": null
          },
          "private": "eyJlMmJmYjczMC1lY2FhLTExZTYtOGY4OC0zNDM2M2JjN2M0YzAiOnsiY3JlYXRlIjoyNDAwMDAwMDAwMDAsImRlbGV0ZSI6MjQwMDAwMDAwMDAwLCJ1cGRhdGUiOjI0MDAwMDAwMDAwMH19",
          "dependencies": [
            "google_cloud_run_service.regions",
            "google_compute_backend_service.global",
            "google_compute_global_address.global",
            "google_compute_managed_ssl_certificate.global",
            "google_compute_region_network_endpoint_group.regions",
            "google_compute_target_https_proxy.global",
            "google_compute_url_map.global",
            "google_project_service.compute"
          ]
        }
      ]
    },
    {
      "mode": "managed",
      "type": "google_compute_global_forwarding_rule",
      "name": "https_redirect",
      "provider": "provider[\"registry.terraform.io/hashicorp/google\"]",
      "instances": [
        {
          "schema_version": 0,
          "attributes": {
            "description": "",
            "id": "projects/gcping/global/forwardingRules/https-redirect",
            "ip_address": "35.244.234.69",
            "ip_protocol": "TCP",
            "ip_version": "",
            "load_balancing_scheme": "EXTERNAL",
            "metadata_filters": [],
            "name": "https-redirect",
            "port_range": "80-80",
            "project": "gcping",
            "self_link": "https://www.googleapis.com/compute/v1/projects/gcping/global/forwardingRules/https-redirect",
            "target": "https://www.googleapis.com/compute/v1/projects/gcping/global/targetHttpProxies/https-redirect",
            "timeouts": null
          },
          "private": "eyJlMmJmYjczMC1lY2FhLTExZTYtOGY4OC0zNDM2M2JjN2M0YzAiOnsiY3JlYXRlIjoyNDAwMDAwMDAwMDAsImRlbGV0ZSI6MjQwMDAwMDAwMDAwLCJ1cGRhdGUiOjI0MDAwMDAwMDAwMH19",
          "dependencies": [
            "google_compute_global_address.global",
            "google_compute_target_http_proxy.https_redirect",
            "google_compute_url_map.https_redirect"
          ]
        }
      ]
    },
    {
      "mode": "managed",
      "type": "google_compute_managed_ssl_certificate",
      "name": "global",
      "provider": "provider[\"registry.terraform.io/hashicorp/google-beta\"]",
      "instances": [
        {
          "schema_version": 0,
          "attributes": {
            "certificate_id": 839318087339849690,
            "creation_timestamp": "2020-12-19T06:07:49.634-08:00",
            "description": "",
            "expire_time": "2021-03-19T18:16:10.000-07:00",
            "id": "projects/gcping/global/sslCertificates/global",
            "managed": [
              {
                "domains": [
                  "global.gcping.com",
                  "gcping.com"
                ]
              }
            ],
            "name": "global",
            "project": "gcping",
            "self_link": "https://www.googleapis.com/compute/v1/projects/gcping/global/sslCertificates/global",
            "subject_alternative_names": [
              "global.gcping.com",
              "gcping.com"
            ],
            "timeouts": null,
            "type": "MANAGED"
          }
        }
      ]
    },
    {
      "mode": "managed",
      "type": "google_compute_region_network_endpoint_group",
      "name": "regions",
      "provider": "provider[\"registry.terraform.io/hashicorp/google\"]",
      "instances": [
        {
          "index_key": "asia-east1",
          "schema_version": 0,
          "attributes": {
            "app_engine": [],
            "cloud_function": [],
            "cloud_run": [
              {
                "service": "asia-east1",
                "tag": "",
                "url_mask": ""
              }
            ],
            "description": "",
            "id": "projects/gcping/regions/asia-east1/networkEndpointGroups/asia-east1",
            "name": "asia-east1",
            "network_endpoint_type": "SERVERLESS",
            "project": "gcping",
            "region": "https://www.googleapis.com/compute/v1/projects/gcping/regions/asia-east1",
            "self_link": "https://www.googleapis.com/compute/v1/projects/gcping/regions/asia-east1/networkEndpointGroups/asia-east1",
            "timeouts": null
          },
          "private": "eyJlMmJmYjczMC1lY2FhLTExZTYtOGY4OC0zNDM2M2JjN2M0YzAiOnsiY3JlYXRlIjoyNDAwMDAwMDAwMDAsImRlbGV0ZSI6MjQwMDAwMDAwMDAwfX0=",
          "dependencies": [
            "google_cloud_run_service.regions",
            "google_project_service.compute"
          ]
        },
        {
          "index_key": "asia-east2",
          "schema_version": 0,
          "attributes": {
            "app_engine": [],
            "cloud_function": [],
            "cloud_run": [
              {
                "service": "asia-east2",
                "tag": "",
                "url_mask": ""
              }
            ],
            "description": "",
            "id": "projects/gcping/regions/asia-east2/networkEndpointGroups/asia-east2",
            "name": "asia-east2",
            "network_endpoint_type": "SERVERLESS",
            "project": "gcping",
            "region": "https://www.googleapis.com/compute/v1/projects/gcping/regions/asia-east2",
            "self_link": "https://www.googleapis.com/compute/v1/projects/gcping/regions/asia-east2/networkEndpointGroups/asia-east2",
            "timeouts": null
          },
          "private": "eyJlMmJmYjczMC1lY2FhLTExZTYtOGY4OC0zNDM2M2JjN2M0YzAiOnsiY3JlYXRlIjoyNDAwMDAwMDAwMDAsImRlbGV0ZSI6MjQwMDAwMDAwMDAwfX0=",
          "dependencies": [
            "google_cloud_run_service.regions",
            "google_project_service.compute"
          ]
        },
        {
          "index_key": "asia-northeast1",
          "schema_version": 0,
          "attributes": {
            "app_engine": [],
            "cloud_function": [],
            "cloud_run": [
              {
                "service": "asia-northeast1",
                "tag": "",
                "url_mask": ""
              }
            ],
            "description": "",
            "id": "projects/gcping/regions/asia-northeast1/networkEndpointGroups/asia-northeast1",
            "name": "asia-northeast1",
            "network_endpoint_type": "SERVERLESS",
            "project": "gcping",
            "region": "https://www.googleapis.com/compute/v1/projects/gcping/regions/asia-northeast1",
            "self_link": "https://www.googleapis.com/compute/v1/projects/gcping/regions/asia-northeast1/networkEndpointGroups/asia-northeast1",
            "timeouts": null
          },
          "private": "eyJlMmJmYjczMC1lY2FhLTExZTYtOGY4OC0zNDM2M2JjN2M0YzAiOnsiY3JlYXRlIjoyNDAwMDAwMDAwMDAsImRlbGV0ZSI6MjQwMDAwMDAwMDAwfX0=",
          "dependencies": [
            "google_cloud_run_service.regions",
            "google_project_service.compute"
          ]
        },
        {
          "index_key": "asia-northeast2",
          "schema_version": 0,
          "attributes": {
            "app_engine": [],
            "cloud_function": [],
            "cloud_run": [
              {
                "service": "asia-northeast2",
                "tag": "",
                "url_mask": ""
              }
            ],
            "description": "",
            "id": "projects/gcping/regions/asia-northeast2/networkEndpointGroups/asia-northeast2",
            "name": "asia-northeast2",
            "network_endpoint_type": "SERVERLESS",
            "project": "gcping",
            "region": "https://www.googleapis.com/compute/v1/projects/gcping/regions/asia-northeast2",
            "self_link": "https://www.googleapis.com/compute/v1/projects/gcping/regions/asia-northeast2/networkEndpointGroups/asia-northeast2",
            "timeouts": null
          },
          "private": "eyJlMmJmYjczMC1lY2FhLTExZTYtOGY4OC0zNDM2M2JjN2M0YzAiOnsiY3JlYXRlIjoyNDAwMDAwMDAwMDAsImRlbGV0ZSI6MjQwMDAwMDAwMDAwfX0=",
          "dependencies": [
            "google_cloud_run_service.regions",
            "google_project_service.compute"
          ]
        },
        {
          "index_key": "asia-northeast3",
          "schema_version": 0,
          "attributes": {
            "app_engine": [],
            "cloud_function": [],
            "cloud_run": [
              {
                "service": "asia-northeast3",
                "tag": "",
                "url_mask": ""
              }
            ],
            "description": "",
            "id": "projects/gcping/regions/asia-northeast3/networkEndpointGroups/asia-northeast3",
            "name": "asia-northeast3",
            "network_endpoint_type": "SERVERLESS",
            "project": "gcping",
            "region": "https://www.googleapis.com/compute/v1/projects/gcping/regions/asia-northeast3",
            "self_link": "https://www.googleapis.com/compute/v1/projects/gcping/regions/asia-northeast3/networkEndpointGroups/asia-northeast3",
            "timeouts": null
          },
          "private": "eyJlMmJmYjczMC1lY2FhLTExZTYtOGY4OC0zNDM2M2JjN2M0YzAiOnsiY3JlYXRlIjoyNDAwMDAwMDAwMDAsImRlbGV0ZSI6MjQwMDAwMDAwMDAwfX0=",
          "dependencies": [
            "google_cloud_run_service.regions",
            "google_project_service.compute"
          ]
        },
        {
          "index_key": "asia-south1",
          "schema_version": 0,
          "attributes": {
            "app_engine": [],
            "cloud_function": [],
            "cloud_run": [
              {
                "service": "asia-south1",
                "tag": "",
                "url_mask": ""
              }
            ],
            "description": "",
            "id": "projects/gcping/regions/asia-south1/networkEndpointGroups/asia-south1",
            "name": "asia-south1",
            "network_endpoint_type": "SERVERLESS",
            "project": "gcping",
            "region": "https://www.googleapis.com/compute/v1/projects/gcping/regions/asia-south1",
            "self_link": "https://www.googleapis.com/compute/v1/projects/gcping/regions/asia-south1/networkEndpointGroups/asia-south1",
            "timeouts": null
          },
          "private": "eyJlMmJmYjczMC1lY2FhLTExZTYtOGY4OC0zNDM2M2JjN2M0YzAiOnsiY3JlYXRlIjoyNDAwMDAwMDAwMDAsImRlbGV0ZSI6MjQwMDAwMDAwMDAwfX0=",
          "dependencies": [
            "google_cloud_run_service.regions",
            "google_project_service.compute"
          ]
        },
        {
          "index_key": "asia-southeast1",
          "schema_version": 0,
          "attributes": {
            "app_engine": [],
            "cloud_function": [],
            "cloud_run": [
              {
                "service": "asia-southeast1",
                "tag": "",
                "url_mask": ""
              }
            ],
            "description": "",
            "id": "projects/gcping/regions/asia-southeast1/networkEndpointGroups/asia-southeast1",
            "name": "asia-southeast1",
            "network_endpoint_type": "SERVERLESS",
            "project": "gcping",
            "region": "https://www.googleapis.com/compute/v1/projects/gcping/regions/asia-southeast1",
            "self_link": "https://www.googleapis.com/compute/v1/projects/gcping/regions/asia-southeast1/networkEndpointGroups/asia-southeast1",
            "timeouts": null
          },
          "private": "eyJlMmJmYjczMC1lY2FhLTExZTYtOGY4OC0zNDM2M2JjN2M0YzAiOnsiY3JlYXRlIjoyNDAwMDAwMDAwMDAsImRlbGV0ZSI6MjQwMDAwMDAwMDAwfX0=",
          "dependencies": [
            "google_cloud_run_service.regions",
            "google_project_service.compute"
          ]
        },
        {
          "index_key": "asia-southeast2",
          "schema_version": 0,
          "attributes": {
            "app_engine": [],
            "cloud_function": [],
            "cloud_run": [
              {
                "service": "asia-southeast2",
                "tag": "",
                "url_mask": ""
              }
            ],
            "description": "",
            "id": "projects/gcping/regions/asia-southeast2/networkEndpointGroups/asia-southeast2",
            "name": "asia-southeast2",
            "network_endpoint_type": "SERVERLESS",
            "project": "gcping",
            "region": "https://www.googleapis.com/compute/v1/projects/gcping/regions/asia-southeast2",
            "self_link": "https://www.googleapis.com/compute/v1/projects/gcping/regions/asia-southeast2/networkEndpointGroups/asia-southeast2",
            "timeouts": null
          },
          "private": "eyJlMmJmYjczMC1lY2FhLTExZTYtOGY4OC0zNDM2M2JjN2M0YzAiOnsiY3JlYXRlIjoyNDAwMDAwMDAwMDAsImRlbGV0ZSI6MjQwMDAwMDAwMDAwfX0=",
          "dependencies": [
            "google_cloud_run_service.regions",
            "google_project_service.compute"
          ]
        },
        {
          "index_key": "australia-southeast1",
          "schema_version": 0,
          "attributes": {
            "app_engine": [],
            "cloud_function": [],
            "cloud_run": [
              {
                "service": "australia-southeast1",
                "tag": "",
                "url_mask": ""
              }
            ],
            "description": "",
            "id": "projects/gcping/regions/australia-southeast1/networkEndpointGroups/australia-southeast1",
            "name": "australia-southeast1",
            "network_endpoint_type": "SERVERLESS",
            "project": "gcping",
            "region": "https://www.googleapis.com/compute/v1/projects/gcping/regions/australia-southeast1",
            "self_link": "https://www.googleapis.com/compute/v1/projects/gcping/regions/australia-southeast1/networkEndpointGroups/australia-southeast1",
            "timeouts": null
          },
          "private": "eyJlMmJmYjczMC1lY2FhLTExZTYtOGY4OC0zNDM2M2JjN2M0YzAiOnsiY3JlYXRlIjoyNDAwMDAwMDAwMDAsImRlbGV0ZSI6MjQwMDAwMDAwMDAwfX0=",
          "dependencies": [
            "google_cloud_run_service.regions",
            "google_project_service.compute"
          ]
        },
        {
          "index_key": "europe-north1",
          "schema_version": 0,
          "attributes": {
            "app_engine": [],
            "cloud_function": [],
            "cloud_run": [
              {
                "service": "europe-north1",
                "tag": "",
                "url_mask": ""
              }
            ],
            "description": "",
            "id": "projects/gcping/regions/europe-north1/networkEndpointGroups/europe-north1",
            "name": "europe-north1",
            "network_endpoint_type": "SERVERLESS",
            "project": "gcping",
            "region": "https://www.googleapis.com/compute/v1/projects/gcping/regions/europe-north1",
            "self_link": "https://www.googleapis.com/compute/v1/projects/gcping/regions/europe-north1/networkEndpointGroups/europe-north1",
            "timeouts": null
          },
          "private": "eyJlMmJmYjczMC1lY2FhLTExZTYtOGY4OC0zNDM2M2JjN2M0YzAiOnsiY3JlYXRlIjoyNDAwMDAwMDAwMDAsImRlbGV0ZSI6MjQwMDAwMDAwMDAwfX0=",
          "dependencies": [
            "google_cloud_run_service.regions",
            "google_project_service.compute"
          ]
        },
        {
          "index_key": "europe-west1",
          "schema_version": 0,
          "attributes": {
            "app_engine": [],
            "cloud_function": [],
            "cloud_run": [
              {
                "service": "europe-west1",
                "tag": "",
                "url_mask": ""
              }
            ],
            "description": "",
            "id": "projects/gcping/regions/europe-west1/networkEndpointGroups/europe-west1",
            "name": "europe-west1",
            "network_endpoint_type": "SERVERLESS",
            "project": "gcping",
            "region": "https://www.googleapis.com/compute/v1/projects/gcping/regions/europe-west1",
            "self_link": "https://www.googleapis.com/compute/v1/projects/gcping/regions/europe-west1/networkEndpointGroups/europe-west1",
            "timeouts": null
          },
          "private": "eyJlMmJmYjczMC1lY2FhLTExZTYtOGY4OC0zNDM2M2JjN2M0YzAiOnsiY3JlYXRlIjoyNDAwMDAwMDAwMDAsImRlbGV0ZSI6MjQwMDAwMDAwMDAwfX0=",
          "dependencies": [
            "google_cloud_run_service.regions",
            "google_project_service.compute"
          ]
        },
        {
          "index_key": "europe-west2",
          "schema_version": 0,
          "attributes": {
            "app_engine": [],
            "cloud_function": [],
            "cloud_run": [
              {
                "service": "europe-west2",
                "tag": "",
                "url_mask": ""
              }
            ],
            "description": "",
            "id": "projects/gcping/regions/europe-west2/networkEndpointGroups/europe-west2",
            "name": "europe-west2",
            "network_endpoint_type": "SERVERLESS",
            "project": "gcping",
            "region": "https://www.googleapis.com/compute/v1/projects/gcping/regions/europe-west2",
            "self_link": "https://www.googleapis.com/compute/v1/projects/gcping/regions/europe-west2/networkEndpointGroups/europe-west2",
            "timeouts": null
          },
          "private": "eyJlMmJmYjczMC1lY2FhLTExZTYtOGY4OC0zNDM2M2JjN2M0YzAiOnsiY3JlYXRlIjoyNDAwMDAwMDAwMDAsImRlbGV0ZSI6MjQwMDAwMDAwMDAwfX0=",
          "dependencies": [
            "google_cloud_run_service.regions",
            "google_project_service.compute"
          ]
        },
        {
          "index_key": "europe-west3",
          "schema_version": 0,
          "attributes": {
            "app_engine": [],
            "cloud_function": [],
            "cloud_run": [
              {
                "service": "europe-west3",
                "tag": "",
                "url_mask": ""
              }
            ],
            "description": "",
            "id": "projects/gcping/regions/europe-west3/networkEndpointGroups/europe-west3",
            "name": "europe-west3",
            "network_endpoint_type": "SERVERLESS",
            "project": "gcping",
            "region": "https://www.googleapis.com/compute/v1/projects/gcping/regions/europe-west3",
            "self_link": "https://www.googleapis.com/compute/v1/projects/gcping/regions/europe-west3/networkEndpointGroups/europe-west3",
            "timeouts": null
          },
          "private": "eyJlMmJmYjczMC1lY2FhLTExZTYtOGY4OC0zNDM2M2JjN2M0YzAiOnsiY3JlYXRlIjoyNDAwMDAwMDAwMDAsImRlbGV0ZSI6MjQwMDAwMDAwMDAwfX0=",
          "dependencies": [
            "google_cloud_run_service.regions",
            "google_project_service.compute"
          ]
        },
        {
          "index_key": "europe-west4",
          "schema_version": 0,
          "attributes": {
            "app_engine": [],
            "cloud_function": [],
            "cloud_run": [
              {
                "service": "europe-west4",
                "tag": "",
                "url_mask": ""
              }
            ],
            "description": "",
            "id": "projects/gcping/regions/europe-west4/networkEndpointGroups/europe-west4",
            "name": "europe-west4",
            "network_endpoint_type": "SERVERLESS",
            "project": "gcping",
            "region": "https://www.googleapis.com/compute/v1/projects/gcping/regions/europe-west4",
            "self_link": "https://www.googleapis.com/compute/v1/projects/gcping/regions/europe-west4/networkEndpointGroups/europe-west4",
            "timeouts": null
          },
          "private": "eyJlMmJmYjczMC1lY2FhLTExZTYtOGY4OC0zNDM2M2JjN2M0YzAiOnsiY3JlYXRlIjoyNDAwMDAwMDAwMDAsImRlbGV0ZSI6MjQwMDAwMDAwMDAwfX0=",
          "dependencies": [
            "google_cloud_run_service.regions",
            "google_project_service.compute"
          ]
        },
        {
          "index_key": "europe-west6",
          "schema_version": 0,
          "attributes": {
            "app_engine": [],
            "cloud_function": [],
            "cloud_run": [
              {
                "service": "europe-west6",
                "tag": "",
                "url_mask": ""
              }
            ],
            "description": "",
            "id": "projects/gcping/regions/europe-west6/networkEndpointGroups/europe-west6",
            "name": "europe-west6",
            "network_endpoint_type": "SERVERLESS",
            "project": "gcping",
            "region": "https://www.googleapis.com/compute/v1/projects/gcping/regions/europe-west6",
            "self_link": "https://www.googleapis.com/compute/v1/projects/gcping/regions/europe-west6/networkEndpointGroups/europe-west6",
            "timeouts": null
          },
          "private": "eyJlMmJmYjczMC1lY2FhLTExZTYtOGY4OC0zNDM2M2JjN2M0YzAiOnsiY3JlYXRlIjoyNDAwMDAwMDAwMDAsImRlbGV0ZSI6MjQwMDAwMDAwMDAwfX0=",
          "dependencies": [
            "google_cloud_run_service.regions",
            "google_project_service.compute"
          ]
        },
        {
          "index_key": "northamerica-northeast1",
          "schema_version": 0,
          "attributes": {
            "app_engine": [],
            "cloud_function": [],
            "cloud_run": [
              {
                "service": "northamerica-northeast1",
                "tag": "",
                "url_mask": ""
              }
            ],
            "description": "",
            "id": "projects/gcping/regions/northamerica-northeast1/networkEndpointGroups/northamerica-northeast1",
            "name": "northamerica-northeast1",
            "network_endpoint_type": "SERVERLESS",
            "project": "gcping",
            "region": "https://www.googleapis.com/compute/v1/projects/gcping/regions/northamerica-northeast1",
            "self_link": "https://www.googleapis.com/compute/v1/projects/gcping/regions/northamerica-northeast1/networkEndpointGroups/northamerica-northeast1",
            "timeouts": null
          },
          "private": "eyJlMmJmYjczMC1lY2FhLTExZTYtOGY4OC0zNDM2M2JjN2M0YzAiOnsiY3JlYXRlIjoyNDAwMDAwMDAwMDAsImRlbGV0ZSI6MjQwMDAwMDAwMDAwfX0=",
          "dependencies": [
            "google_cloud_run_service.regions",
            "google_project_service.compute"
          ]
        },
        {
          "index_key": "southamerica-east1",
          "schema_version": 0,
          "attributes": {
            "app_engine": [],
            "cloud_function": [],
            "cloud_run": [
              {
                "service": "southamerica-east1",
                "tag": "",
                "url_mask": ""
              }
            ],
            "description": "",
            "id": "projects/gcping/regions/southamerica-east1/networkEndpointGroups/southamerica-east1",
            "name": "southamerica-east1",
            "network_endpoint_type": "SERVERLESS",
            "project": "gcping",
            "region": "https://www.googleapis.com/compute/v1/projects/gcping/regions/southamerica-east1",
            "self_link": "https://www.googleapis.com/compute/v1/projects/gcping/regions/southamerica-east1/networkEndpointGroups/southamerica-east1",
            "timeouts": null
          },
          "private": "eyJlMmJmYjczMC1lY2FhLTExZTYtOGY4OC0zNDM2M2JjN2M0YzAiOnsiY3JlYXRlIjoyNDAwMDAwMDAwMDAsImRlbGV0ZSI6MjQwMDAwMDAwMDAwfX0=",
          "dependencies": [
            "google_cloud_run_service.regions",
            "google_project_service.compute"
          ]
        },
        {
          "index_key": "us-central1",
          "schema_version": 0,
          "attributes": {
            "app_engine": [],
            "cloud_function": [],
            "cloud_run": [
              {
                "service": "us-central1",
                "tag": "",
                "url_mask": ""
              }
            ],
            "description": "",
            "id": "projects/gcping/regions/us-central1/networkEndpointGroups/us-central1",
            "name": "us-central1",
            "network_endpoint_type": "SERVERLESS",
            "project": "gcping",
            "region": "https://www.googleapis.com/compute/v1/projects/gcping/regions/us-central1",
            "self_link": "https://www.googleapis.com/compute/v1/projects/gcping/regions/us-central1/networkEndpointGroups/us-central1",
            "timeouts": null
          },
          "private": "eyJlMmJmYjczMC1lY2FhLTExZTYtOGY4OC0zNDM2M2JjN2M0YzAiOnsiY3JlYXRlIjoyNDAwMDAwMDAwMDAsImRlbGV0ZSI6MjQwMDAwMDAwMDAwfX0=",
          "dependencies": [
            "google_cloud_run_service.regions",
            "google_project_service.compute"
          ]
        },
        {
          "index_key": "us-east1",
          "schema_version": 0,
          "attributes": {
            "app_engine": [],
            "cloud_function": [],
            "cloud_run": [
              {
                "service": "us-east1",
                "tag": "",
                "url_mask": ""
              }
            ],
            "description": "",
            "id": "projects/gcping/regions/us-east1/networkEndpointGroups/us-east1",
            "name": "us-east1",
            "network_endpoint_type": "SERVERLESS",
            "project": "gcping",
            "region": "https://www.googleapis.com/compute/v1/projects/gcping/regions/us-east1",
            "self_link": "https://www.googleapis.com/compute/v1/projects/gcping/regions/us-east1/networkEndpointGroups/us-east1",
            "timeouts": null
          },
          "private": "eyJlMmJmYjczMC1lY2FhLTExZTYtOGY4OC0zNDM2M2JjN2M0YzAiOnsiY3JlYXRlIjoyNDAwMDAwMDAwMDAsImRlbGV0ZSI6MjQwMDAwMDAwMDAwfX0=",
          "dependencies": [
            "google_cloud_run_service.regions",
            "google_project_service.compute"
          ]
        },
        {
          "index_key": "us-east4",
          "schema_version": 0,
          "attributes": {
            "app_engine": [],
            "cloud_function": [],
            "cloud_run": [
              {
                "service": "us-east4",
                "tag": "",
                "url_mask": ""
              }
            ],
            "description": "",
            "id": "projects/gcping/regions/us-east4/networkEndpointGroups/us-east4",
            "name": "us-east4",
            "network_endpoint_type": "SERVERLESS",
            "project": "gcping",
            "region": "https://www.googleapis.com/compute/v1/projects/gcping/regions/us-east4",
            "self_link": "https://www.googleapis.com/compute/v1/projects/gcping/regions/us-east4/networkEndpointGroups/us-east4",
            "timeouts": null
          },
          "private": "eyJlMmJmYjczMC1lY2FhLTExZTYtOGY4OC0zNDM2M2JjN2M0YzAiOnsiY3JlYXRlIjoyNDAwMDAwMDAwMDAsImRlbGV0ZSI6MjQwMDAwMDAwMDAwfX0=",
          "dependencies": [
            "google_cloud_run_service.regions",
            "google_project_service.compute"
          ]
        },
        {
          "index_key": "us-west1",
          "schema_version": 0,
          "attributes": {
            "app_engine": [],
            "cloud_function": [],
            "cloud_run": [
              {
                "service": "us-west1",
                "tag": "",
                "url_mask": ""
              }
            ],
            "description": "",
            "id": "projects/gcping/regions/us-west1/networkEndpointGroups/us-west1",
            "name": "us-west1",
            "network_endpoint_type": "SERVERLESS",
            "project": "gcping",
            "region": "https://www.googleapis.com/compute/v1/projects/gcping/regions/us-west1",
            "self_link": "https://www.googleapis.com/compute/v1/projects/gcping/regions/us-west1/networkEndpointGroups/us-west1",
            "timeouts": null
          },
          "private": "eyJlMmJmYjczMC1lY2FhLTExZTYtOGY4OC0zNDM2M2JjN2M0YzAiOnsiY3JlYXRlIjoyNDAwMDAwMDAwMDAsImRlbGV0ZSI6MjQwMDAwMDAwMDAwfX0=",
          "dependencies": [
            "google_cloud_run_service.regions",
            "google_project_service.compute"
          ]
        }
      ]
    },
    {
      "mode": "managed",
      "type": "google_compute_target_http_proxy",
      "name": "https_redirect",
      "provider": "provider[\"registry.terraform.io/hashicorp/google\"]",
      "instances": [
        {
          "schema_version": 0,
          "attributes": {
            "creation_timestamp": "2020-12-19T06:08:15.062-08:00",
            "description": "",
            "id": "projects/gcping/global/targetHttpProxies/https-redirect",
            "name": "https-redirect",
            "project": "gcping",
            "proxy_id": 1563228794946566048,
            "self_link": "https://www.googleapis.com/compute/v1/projects/gcping/global/targetHttpProxies/https-redirect",
            "timeouts": null,
            "url_map": "https://www.googleapis.com/compute/v1/projects/gcping/global/urlMaps/https-redirect"
          },
          "private": "eyJlMmJmYjczMC1lY2FhLTExZTYtOGY4OC0zNDM2M2JjN2M0YzAiOnsiY3JlYXRlIjoyNDAwMDAwMDAwMDAsImRlbGV0ZSI6MjQwMDAwMDAwMDAwLCJ1cGRhdGUiOjI0MDAwMDAwMDAwMH19",
          "dependencies": [
            "google_compute_url_map.https_redirect"
          ]
        }
      ]
    },
    {
      "mode": "managed",
      "type": "google_compute_target_https_proxy",
      "name": "global",
      "provider": "provider[\"registry.terraform.io/hashicorp/google-beta\"]",
      "instances": [
        {
          "schema_version": 0,
          "attributes": {
            "creation_timestamp": "2020-12-19T06:09:01.457-08:00",
            "description": "",
            "id": "projects/gcping/global/targetHttpsProxies/global",
            "name": "global",
            "project": "gcping",
            "proxy_id": 4142560332133676946,
            "quic_override": "NONE",
            "self_link": "https://www.googleapis.com/compute/v1/projects/gcping/global/targetHttpsProxies/global",
            "ssl_certificates": [
              "https://www.googleapis.com/compute/v1/projects/gcping/global/sslCertificates/global"
            ],
            "ssl_policy": "",
            "timeouts": null,
            "url_map": "https://www.googleapis.com/compute/v1/projects/gcping/global/urlMaps/global"
          },
          "private": "eyJlMmJmYjczMC1lY2FhLTExZTYtOGY4OC0zNDM2M2JjN2M0YzAiOnsiY3JlYXRlIjoyNDAwMDAwMDAwMDAsImRlbGV0ZSI6MjQwMDAwMDAwMDAwLCJ1cGRhdGUiOjI0MDAwMDAwMDAwMH19",
          "dependencies": [
            "google_cloud_run_service.regions",
            "google_compute_backend_service.global",
            "google_compute_managed_ssl_certificate.global",
            "google_compute_region_network_endpoint_group.regions",
            "google_compute_url_map.global",
            "google_project_service.compute"
          ]
        }
      ]
    },
    {
      "mode": "managed",
      "type": "google_compute_url_map",
      "name": "global",
      "provider": "provider[\"registry.terraform.io/hashicorp/google-beta\"]",
      "instances": [
        {
          "schema_version": 0,
          "attributes": {
            "creation_timestamp": "2020-12-19T06:08:50.042-08:00",
            "default_route_action": [],
            "default_service": "https://www.googleapis.com/compute/v1/projects/gcping/global/backendServices/global",
            "default_url_redirect": [],
            "description": "a description",
            "fingerprint": "g0m7oxw31II=",
            "header_action": [],
            "host_rule": [],
            "id": "projects/gcping/global/urlMaps/global",
            "map_id": 2821179803471951773,
            "name": "global",
            "path_matcher": [],
            "project": "gcping",
            "self_link": "https://www.googleapis.com/compute/v1/projects/gcping/global/urlMaps/global",
            "test": [],
            "timeouts": null
          },
          "private": "eyJlMmJmYjczMC1lY2FhLTExZTYtOGY4OC0zNDM2M2JjN2M0YzAiOnsiY3JlYXRlIjoyNDAwMDAwMDAwMDAsImRlbGV0ZSI6MjQwMDAwMDAwMDAwLCJ1cGRhdGUiOjI0MDAwMDAwMDAwMH19",
          "dependencies": [
            "google_cloud_run_service.regions",
            "google_compute_backend_service.global",
            "google_compute_region_network_endpoint_group.regions",
            "google_project_service.compute"
          ]
        }
      ]
    },
    {
      "mode": "managed",
      "type": "google_compute_url_map",
      "name": "https_redirect",
      "provider": "provider[\"registry.terraform.io/hashicorp/google\"]",
      "instances": [
        {
          "schema_version": 0,
          "attributes": {
            "creation_timestamp": "2020-12-19T06:07:49.610-08:00",
            "default_route_action": [],
            "default_service": "",
            "default_url_redirect": [
              {
                "host_redirect": "",
                "https_redirect": true,
                "path_redirect": "",
                "prefix_redirect": "",
                "redirect_response_code": "MOVED_PERMANENTLY_DEFAULT",
                "strip_query": false
              }
            ],
            "description": "",
            "fingerprint": "gdIP50PddU4=",
            "header_action": [],
            "host_rule": [],
            "id": "projects/gcping/global/urlMaps/https-redirect",
            "map_id": 2724298007132747738,
            "name": "https-redirect",
            "path_matcher": [],
            "project": "gcping",
            "self_link": "https://www.googleapis.com/compute/v1/projects/gcping/global/urlMaps/https-redirect",
            "test": [],
            "timeouts": null
          },
          "private": "eyJlMmJmYjczMC1lY2FhLTExZTYtOGY4OC0zNDM2M2JjN2M0YzAiOnsiY3JlYXRlIjoyNDAwMDAwMDAwMDAsImRlbGV0ZSI6MjQwMDAwMDAwMDAwLCJ1cGRhdGUiOjI0MDAwMDAwMDAwMH19"
        }
      ]
    },
    {
      "mode": "managed",
      "type": "google_project_service",
      "name": "compute",
      "provider": "provider[\"registry.terraform.io/hashicorp/google\"]",
      "instances": [
        {
          "schema_version": 0,
          "attributes": {
            "disable_dependent_services": null,
            "disable_on_destroy": true,
            "id": "gcping/compute.googleapis.com",
            "project": "gcping",
            "service": "compute.googleapis.com",
            "timeouts": null
          },
          "private": "eyJlMmJmYjczMC1lY2FhLTExZTYtOGY4OC0zNDM2M2JjN2M0YzAiOnsiY3JlYXRlIjoxMjAwMDAwMDAwMDAwLCJkZWxldGUiOjEyMDAwMDAwMDAwMDAsInJlYWQiOjYwMDAwMDAwMDAwMCwidXBkYXRlIjoxMjAwMDAwMDAwMDAwfX0="
        }
      ]
    },
    {
      "mode": "managed",
      "type": "google_project_service",
      "name": "run",
      "provider": "provider[\"registry.terraform.io/hashicorp/google\"]",
      "instances": [
        {
          "schema_version": 0,
          "attributes": {
            "disable_dependent_services": null,
            "disable_on_destroy": true,
            "id": "gcping/run.googleapis.com",
            "project": "gcping",
            "service": "run.googleapis.com",
            "timeouts": null
          },
          "private": "eyJlMmJmYjczMC1lY2FhLTExZTYtOGY4OC0zNDM2M2JjN2M0YzAiOnsiY3JlYXRlIjoxMjAwMDAwMDAwMDAwLCJkZWxldGUiOjEyMDAwMDAwMDAwMDAsInJlYWQiOjYwMDAwMDAwMDAwMCwidXBkYXRlIjoxMjAwMDAwMDAwMDAwfX0="
        }
      ]
    }
  ]
}
